// !$*UTF8*$!
{
	archiveVersion = 1;
	classes = {
	};
	objectVersion = 46;
	objects = {

/* Begin PBXBuildFile section */
		08E0455D3D60A784E35894B3 /* silence.wav in Resources */ = {isa = PBXBuildFile; fileRef = B91C3ED469F842E63C9ABB25 /* silence.wav */; };
		149CAD14DEE78C25C2A1CFDD /* start-signal.wav in Resources */ = {isa = PBXBuildFile; fileRef = 8B087767E7473AFA6AAA8814 /* start-signal.wav */; };
		1FA4925ACF7E3B48E848CFDD /* WorkoutActivityAttributes.swift in Sources */ = {isa = PBXBuildFile; fileRef = D9D1F2FE143A8A08B66F1C94 /* WorkoutActivityAttributes.swift */; };
		35F97ABE89F301DA4A39C9E0 /* Foundation.framework in Frameworks */ = {isa = PBXBuildFile; fileRef = 3ECAB6DF0A5999F1DC4FBD26 /* Foundation.framework */; };
		3C8274B8A4395FD85D7BF48E /* WorkoutLiveActivityContent.swift in Sources */ = {isa = PBXBuildFile; fileRef = 329EDA4A48C5D03DAB56AFDD /* WorkoutLiveActivityContent.swift */; };
		3EB3CDD83A9C231D30D6E3F8 /* IntervalWidgetsBundle.swift in Sources */ = {isa = PBXBuildFile; fileRef = F6333AF9CE1148DEBE6132B6 /* IntervalWidgetsBundle.swift */; };
		43626E51DE70766AF7DA66A6 /* Models.swift in Sources */ = {isa = PBXBuildFile; fileRef = 15663EB8577DE79027074AEF /* Models.swift */; };
		45D61D2195730D96B488D0D1 /* PrivacyInfo.xcprivacy in Resources */ = {isa = PBXBuildFile; fileRef = E428C79D808BF13F54F127D9 /* PrivacyInfo.xcprivacy */; };
		497FC072B1211A3EF2A85775 /* WorkoutLiveActivityService.swift in Sources */ = {isa = PBXBuildFile; fileRef = BE06C989AC57484ED3E89127 /* WorkoutLiveActivityService.swift */; };
		54052835480BAB87760B1D39 /* SpokenCueTests.swift in Sources */ = {isa = PBXBuildFile; fileRef = CC97538DA981D9F578E930EA /* SpokenCueTests.swift */; };
		5570BEAD243B7C79B6BB86AD /* complete-signal.wav in Resources */ = {isa = PBXBuildFile; fileRef = 3EB8228BF3FCDF654E0AB262 /* complete-signal.wav */; };
		590134717773A3F0814C4E3C /* WorkoutView.swift in Sources */ = {isa = PBXBuildFile; fileRef = 3A6DC6FB67F9BACD11E61A7C /* WorkoutView.swift */; };
		6A15D68CA51162A2FDE59258 /* StartWorkoutIntent.swift in Sources */ = {isa = PBXBuildFile; fileRef = F0693039D8C86B4579028B1E /* StartWorkoutIntent.swift */; };
		744392FE5C62819B8941B153 /* SettingsView.swift in Sources */ = {isa = PBXBuildFile; fileRef = A2830398AC7218384928E959 /* SettingsView.swift */; };
		757BF5A496790976BD32B07B /* Foundation.framework in Frameworks */ = {isa = PBXBuildFile; fileRef = 3ECAB6DF0A5999F1DC4FBD26 /* Foundation.framework */; };
		76E330E9C01A48B9CB2603F8 /* WorkoutSetupView.swift in Sources */ = {isa = PBXBuildFile; fileRef = BDCB980738AC4E0CC5107818 /* WorkoutSetupView.swift */; };
		771E82596F5E016A662CAFB0 /* HistoryView.swift in Sources */ = {isa = PBXBuildFile; fileRef = 4596F6FC32C144FD9E9E6A39 /* HistoryView.swift */; };
		784D1E40E3EFCA9BDD529E50 /* rest-end-signal.wav in Resources */ = {isa = PBXBuildFile; fileRef = 77A5433A526D11A5AF815CB8 /* rest-end-signal.wav */; };
		85160519C9EF4A3BC92907A2 /* IntervalApp.swift in Sources */ = {isa = PBXBuildFile; fileRef = 90304F773B316DCA396E1339 /* IntervalApp.swift */; };
		8B2C1FE4C2766CF651A4FB72 /* WorkoutActivityAttributes.swift in Sources */ = {isa = PBXBuildFile; fileRef = 568FC4C0DF29865FBF8BAAB5 /* WorkoutActivityAttributes.swift */; };
		9A699DA9B01ECF567AB032B9 /* AppStore.swift in Sources */ = {isa = PBXBuildFile; fileRef = AAA957EFF95D405C076A1B59 /* AppStore.swift */; };
		9C5266416E327E96763C17BC /* AppShortcuts.xcstrings in Resources */ = {isa = PBXBuildFile; fileRef = B932C6512D2D15B16577E6A1 /* AppShortcuts.xcstrings */; };
		A230E59822FB574591F3A827 /* work-end-signal.wav in Resources */ = {isa = PBXBuildFile; fileRef = 05AC5FFB806A2EC65BC3EE63 /* work-end-signal.wav */; };
		A4708371055FE297E5F29045 /* WorkoutLiveActivityContent.swift in Sources */ = {isa = PBXBuildFile; fileRef = 90A22677FD20A843F13DA059 /* WorkoutLiveActivityContent.swift */; };
		B1867C577EB2A64776B0B952 /* Assets.xcassets in Resources */ = {isa = PBXBuildFile; fileRef = 87EEC435EED1CA94098C7D90 /* Assets.xcassets */; };
		B9AE4347719D966D8231CE4A /* Foundation.framework in Frameworks */ = {isa = PBXBuildFile; fileRef = 3ECAB6DF0A5999F1DC4FBD26 /* Foundation.framework */; };
		BC49688B996510C8B2792054 /* WorkoutEngine.swift in Sources */ = {isa = PBXBuildFile; fileRef = A362934C045428C7104E6102 /* WorkoutEngine.swift */; };
		BCB081BB886A6757145F0802 /* Localizable.xcstrings in Resources */ = {isa = PBXBuildFile; fileRef = E318C05DE957103895C46D4D /* Localizable.xcstrings */; };
		C076213D05C8E068B88728B1 /* SpokenCue.swift in Sources */ = {isa = PBXBuildFile; fileRef = F6ACF18548E0732D17F3BBFF /* SpokenCue.swift */; };
		C2D99A8A6B1E335BDBD18396 /* SpeechCueService.swift in Sources */ = {isa = PBXBuildFile; fileRef = 9A196440B93C263536B82A3D /* SpeechCueService.swift */; };
		C7FE145A103DDC0F9101C5FB /* RootView.swift in Sources */ = {isa = PBXBuildFile; fileRef = 2B6366DA1800D61F5D6C1AF3 /* RootView.swift */; };
		CCEB5BA8960F67D5F5A7CB0C /* WorkoutLiveActivityWidget.swift in Sources */ = {isa = PBXBuildFile; fileRef = 9E64AB57B9FFEB11AC08C6EF /* WorkoutLiveActivityWidget.swift */; };
		D8824D3C2BA6B099C9B85FB2 /* Localizable.xcstrings in Resources */ = {isa = PBXBuildFile; fileRef = D9A923F0C0EC4862603BBEE9 /* Localizable.xcstrings */; };
		D95611B2A9943CC29D228BBA /* AudioCueService.swift in Sources */ = {isa = PBXBuildFile; fileRef = F7E803BE14E1DC3FF35928A7 /* AudioCueService.swift */; };
		DE7E5055B87A619E18365BA0 /* DurationPickerView.swift in Sources */ = {isa = PBXBuildFile; fileRef = D32B15BE32A1EF9FC2FD43CD /* DurationPickerView.swift */; };
		E60978EF9E8BA6FE1E529C3C /* IntervalWidgets.appex in Embed App Extensions */ = {isa = PBXBuildFile; fileRef = D37D8B465F2F8FC2800EF8C4 /* IntervalWidgets.appex */; };
		EEF09BF26886BFB75C51197C /* blop.wav in Resources */ = {isa = PBXBuildFile; fileRef = C936E64C6CA45C231DCDF21D /* blop.wav */; };
		F7BFC1936F83E7D87FB79DD8 /* WorkoutTimelineTests.swift in Sources */ = {isa = PBXBuildFile; fileRef = 4CE4B91E9A2EA43C3563ABA9 /* WorkoutTimelineTests.swift */; };
		FE744C5F7CD305905D021CC5 /* StartWorkoutIntentTests.swift in Sources */ = {isa = PBXBuildFile; fileRef = 903923021812F90502AF8D6D /* StartWorkoutIntentTests.swift */; };
/* End PBXBuildFile section */

/* Begin PBXContainerItemProxy section */
		84D67035B3AA9BF8A4B4460B /* PBXContainerItemProxy */ = {
			isa = PBXContainerItemProxy;
			containerPortal = 5C501329D2F78940130DD2C2 /* Project object */;
			proxyType = 1;
			remoteGlobalIDString = 3DE389137F4977A1BCF62F8B;
			remoteInfo = Interval;
		};
		FA85BFC3F5BDDEAE592DC53C /* PBXContainerItemProxy */ = {
			isa = PBXContainerItemProxy;
			containerPortal = 5C501329D2F78940130DD2C2 /* Project object */;
			proxyType = 1;
			remoteGlobalIDString = 7629F9C1DCB1715F3AE9135E;
			remoteInfo = IntervalWidgets;
		};
/* End PBXContainerItemProxy section */

/* Begin PBXCopyFilesBuildPhase section */
		F31C9936F4E701052C875874 /* Embed App Extensions */ = {
			isa = PBXCopyFilesBuildPhase;
			buildActionMask = 2147483647;
			dstPath = "";
			dstSubfolderSpec = 13;
			files = (
				E60978EF9E8BA6FE1E529C3C /* IntervalWidgets.appex in Embed App Extensions */,
			);
			name = "Embed App Extensions";
			runOnlyForDeploymentPostprocessing = 0;
		};
/* End PBXCopyFilesBuildPhase section */

/* Begin PBXFileReference section */
		05AC5FFB806A2EC65BC3EE63 /* work-end-signal.wav */ = {isa = PBXFileReference; includeInIndex = 1; name = "work-end-signal.wav"; path = "Sounds/work-end-signal.wav"; sourceTree = "<group>"; };
		15663EB8577DE79027074AEF /* Models.swift */ = {isa = PBXFileReference; includeInIndex = 1; lastKnownFileType = sourcecode.swift; path = Models.swift; sourceTree = "<group>"; };
		2B6366DA1800D61F5D6C1AF3 /* RootView.swift */ = {isa = PBXFileReference; includeInIndex = 1; lastKnownFileType = sourcecode.swift; path = RootView.swift; sourceTree = "<group>"; };
		314103B074FC24D85C7BD198 /* IntervalTests.xctest */ = {isa = PBXFileReference; explicitFileType = wrapper.cfbundle; includeInIndex = 0; path = IntervalTests.xctest; sourceTree = BUILT_PRODUCTS_DIR; };
		329EDA4A48C5D03DAB56AFDD /* WorkoutLiveActivityContent.swift */ = {isa = PBXFileReference; includeInIndex = 1; lastKnownFileType = sourcecode.swift; name = WorkoutLiveActivityContent.swift; path = ../Interval/WorkoutLiveActivityContent.swift; sourceTree = "<group>"; };
		3A6DC6FB67F9BACD11E61A7C /* WorkoutView.swift */ = {isa = PBXFileReference; includeInIndex = 1; lastKnownFileType = sourcecode.swift; path = WorkoutView.swift; sourceTree = "<group>"; };
		3EB8228BF3FCDF654E0AB262 /* complete-signal.wav */ = {isa = PBXFileReference; includeInIndex = 1; name = "complete-signal.wav"; path = "Sounds/complete-signal.wav"; sourceTree = "<group>"; };
		3ECAB6DF0A5999F1DC4FBD26 /* Foundation.framework */ = {isa = PBXFileReference; lastKnownFileType = wrapper.framework; name = Foundation.framework; path = Platforms/iPhoneOS.platform/Developer/SDKs/iPhoneOS18.0.sdk/System/Library/Frameworks/Foundation.framework; sourceTree = DEVELOPER_DIR; };
		4596F6FC32C144FD9E9E6A39 /* HistoryView.swift */ = {isa = PBXFileReference; includeInIndex = 1; lastKnownFileType = sourcecode.swift; path = HistoryView.swift; sourceTree = "<group>"; };
		4CE4B91E9A2EA43C3563ABA9 /* WorkoutTimelineTests.swift */ = {isa = PBXFileReference; includeInIndex = 1; lastKnownFileType = sourcecode.swift; path = WorkoutTimelineTests.swift; sourceTree = "<group>"; };
		568FC4C0DF29865FBF8BAAB5 /* WorkoutActivityAttributes.swift */ = {isa = PBXFileReference; includeInIndex = 1; lastKnownFileType = sourcecode.swift; name = WorkoutActivityAttributes.swift; path = ../Interval/WorkoutActivityAttributes.swift; sourceTree = "<group>"; };
		77A5433A526D11A5AF815CB8 /* rest-end-signal.wav */ = {isa = PBXFileReference; includeInIndex = 1; name = "rest-end-signal.wav"; path = "Sounds/rest-end-signal.wav"; sourceTree = "<group>"; };
		7D70E60E4EF35381106CB047 /* Interval.app */ = {isa = PBXFileReference; explicitFileType = wrapper.application; includeInIndex = 0; path = Interval.app; sourceTree = BUILT_PRODUCTS_DIR; };
		87EEC435EED1CA94098C7D90 /* Assets.xcassets */ = {isa = PBXFileReference; includeInIndex = 1; lastKnownFileType = folder.assetcatalog; path = Assets.xcassets; sourceTree = "<group>"; };
		8B087767E7473AFA6AAA8814 /* start-signal.wav */ = {isa = PBXFileReference; includeInIndex = 1; name = "start-signal.wav"; path = "Sounds/start-signal.wav"; sourceTree = "<group>"; };
		90304F773B316DCA396E1339 /* IntervalApp.swift */ = {isa = PBXFileReference; includeInIndex = 1; lastKnownFileType = sourcecode.swift; path = IntervalApp.swift; sourceTree = "<group>"; };
		903923021812F90502AF8D6D /* StartWorkoutIntentTests.swift */ = {isa = PBXFileReference; includeInIndex = 1; lastKnownFileType = sourcecode.swift; path = StartWorkoutIntentTests.swift; sourceTree = "<group>"; };
		90A22677FD20A843F13DA059 /* WorkoutLiveActivityContent.swift */ = {isa = PBXFileReference; includeInIndex = 1; lastKnownFileType = sourcecode.swift; path = WorkoutLiveActivityContent.swift; sourceTree = "<group>"; };
		9A196440B93C263536B82A3D /* SpeechCueService.swift */ = {isa = PBXFileReference; includeInIndex = 1; lastKnownFileType = sourcecode.swift; path = SpeechCueService.swift; sourceTree = "<group>"; };
		9E64AB57B9FFEB11AC08C6EF /* WorkoutLiveActivityWidget.swift */ = {isa = PBXFileReference; includeInIndex = 1; lastKnownFileType = sourcecode.swift; path = WorkoutLiveActivityWidget.swift; sourceTree = "<group>"; };
		A2830398AC7218384928E959 /* SettingsView.swift */ = {isa = PBXFileReference; includeInIndex = 1; lastKnownFileType = sourcecode.swift; path = SettingsView.swift; sourceTree = "<group>"; };
		A362934C045428C7104E6102 /* WorkoutEngine.swift */ = {isa = PBXFileReference; includeInIndex = 1; lastKnownFileType = sourcecode.swift; path = WorkoutEngine.swift; sourceTree = "<group>"; };
		AAA957EFF95D405C076A1B59 /* AppStore.swift */ = {isa = PBXFileReference; includeInIndex = 1; lastKnownFileType = sourcecode.swift; path = AppStore.swift; sourceTree = "<group>"; };
		B91C3ED469F842E63C9ABB25 /* silence.wav */ = {isa = PBXFileReference; includeInIndex = 1; name = silence.wav; path = Sounds/silence.wav; sourceTree = "<group>"; };
		B932C6512D2D15B16577E6A1 /* AppShortcuts.xcstrings */ = {isa = PBXFileReference; includeInIndex = 1; path = AppShortcuts.xcstrings; sourceTree = "<group>"; };
		BDCB980738AC4E0CC5107818 /* WorkoutSetupView.swift */ = {isa = PBXFileReference; includeInIndex = 1; lastKnownFileType = sourcecode.swift; path = WorkoutSetupView.swift; sourceTree = "<group>"; };
		BE06C989AC57484ED3E89127 /* WorkoutLiveActivityService.swift */ = {isa = PBXFileReference; includeInIndex = 1; lastKnownFileType = sourcecode.swift; path = WorkoutLiveActivityService.swift; sourceTree = "<group>"; };
		C936E64C6CA45C231DCDF21D /* blop.wav */ = {isa = PBXFileReference; includeInIndex = 1; name = blop.wav; path = Sounds/blop.wav; sourceTree = "<group>"; };
		CC97538DA981D9F578E930EA /* SpokenCueTests.swift */ = {isa = PBXFileReference; includeInIndex = 1; lastKnownFileType = sourcecode.swift; path = SpokenCueTests.swift; sourceTree = "<group>"; };
		D32B15BE32A1EF9FC2FD43CD /* DurationPickerView.swift */ = {isa = PBXFileReference; includeInIndex = 1; lastKnownFileType = sourcecode.swift; path = DurationPickerView.swift; sourceTree = "<group>"; };
		D37D8B465F2F8FC2800EF8C4 /* IntervalWidgets.appex */ = {isa = PBXFileReference; explicitFileType = "wrapper.app-extension"; includeInIndex = 0; path = IntervalWidgets.appex; sourceTree = BUILT_PRODUCTS_DIR; };
		D9A923F0C0EC4862603BBEE9 /* Localizable.xcstrings */ = {isa = PBXFileReference; includeInIndex = 1; name = Localizable.xcstrings; path = ../Interval/Localizable.xcstrings; sourceTree = "<group>"; };
		D9D1F2FE143A8A08B66F1C94 /* WorkoutActivityAttributes.swift */ = {isa = PBXFileReference; includeInIndex = 1; lastKnownFileType = sourcecode.swift; path = WorkoutActivityAttributes.swift; sourceTree = "<group>"; };
		E318C05DE957103895C46D4D /* Localizable.xcstrings */ = {isa = PBXFileReference; includeInIndex = 1; path = Localizable.xcstrings; sourceTree = "<group>"; };
		E428C79D808BF13F54F127D9 /* PrivacyInfo.xcprivacy */ = {isa = PBXFileReference; includeInIndex = 1; path = PrivacyInfo.xcprivacy; sourceTree = "<group>"; };
		F0693039D8C86B4579028B1E /* StartWorkoutIntent.swift */ = {isa = PBXFileReference; includeInIndex = 1; lastKnownFileType = sourcecode.swift; path = StartWorkoutIntent.swift; sourceTree = "<group>"; };
		F6333AF9CE1148DEBE6132B6 /* IntervalWidgetsBundle.swift */ = {isa = PBXFileReference; includeInIndex = 1; lastKnownFileType = sourcecode.swift; path = IntervalWidgetsBundle.swift; sourceTree = "<group>"; };
		F6ACF18548E0732D17F3BBFF /* SpokenCue.swift */ = {isa = PBXFileReference; includeInIndex = 1; lastKnownFileType = sourcecode.swift; path = SpokenCue.swift; sourceTree = "<group>"; };
		F7E803BE14E1DC3FF35928A7 /* AudioCueService.swift */ = {isa = PBXFileReference; includeInIndex = 1; lastKnownFileType = sourcecode.swift; path = AudioCueService.swift; sourceTree = "<group>"; };
/* End PBXFileReference section */

/* Begin PBXFrameworksBuildPhase section */
		21B8F33324090F27E5669C14 /* Frameworks */ = {
			isa = PBXFrameworksBuildPhase;
			buildActionMask = 2147483647;
			files = (
				35F97ABE89F301DA4A39C9E0 /* Foundation.framework in Frameworks */,
			);
			runOnlyForDeploymentPostprocessing = 0;
		};
		4F239CFAC83A35D6C6CBF649 /* Frameworks */ = {
			isa = PBXFrameworksBuildPhase;
			buildActionMask = 2147483647;
			files = (
				757BF5A496790976BD32B07B /* Foundation.framework in Frameworks */,
			);
			runOnlyForDeploymentPostprocessing = 0;
		};
		CF7C8D0235A42C2C9B94472E /* Frameworks */ = {
			isa = PBXFrameworksBuildPhase;
			buildActionMask = 2147483647;
			files = (
				B9AE4347719D966D8231CE4A /* Foundation.framework in Frameworks */,
			);
			runOnlyForDeploymentPostprocessing = 0;
		};
/* End PBXFrameworksBuildPhase section */

/* Begin PBXGroup section */
		2EE87D8A34D01C57F90A90FC = {
			isa = PBXGroup;
			children = (
				6445681BB7831C783F406777 /* Products */,
				57202F30078EDB4811B4D0C6 /* Frameworks */,
				30126859BD33FABAD63C6FD8 /* Interval */,
				E0F25679515233F58F6FE433 /* IntervalTests */,
				B362C9CE8F65FC4EAF0B2CCD /* IntervalWidgets */,
			);
			sourceTree = "<group>";
		};
		30126859BD33FABAD63C6FD8 /* Interval */ = {
			isa = PBXGroup;
			children = (
				AAA957EFF95D405C076A1B59 /* AppStore.swift */,
				F7E803BE14E1DC3FF35928A7 /* AudioCueService.swift */,
				D32B15BE32A1EF9FC2FD43CD /* DurationPickerView.swift */,
				4596F6FC32C144FD9E9E6A39 /* HistoryView.swift */,
				90304F773B316DCA396E1339 /* IntervalApp.swift */,
				15663EB8577DE79027074AEF /* Models.swift */,
				2B6366DA1800D61F5D6C1AF3 /* RootView.swift */,
				A2830398AC7218384928E959 /* SettingsView.swift */,
				9A196440B93C263536B82A3D /* SpeechCueService.swift */,
				F6ACF18548E0732D17F3BBFF /* SpokenCue.swift */,
				F0693039D8C86B4579028B1E /* StartWorkoutIntent.swift */,
				D9D1F2FE143A8A08B66F1C94 /* WorkoutActivityAttributes.swift */,
				A362934C045428C7104E6102 /* WorkoutEngine.swift */,
				90A22677FD20A843F13DA059 /* WorkoutLiveActivityContent.swift */,
				BE06C989AC57484ED3E89127 /* WorkoutLiveActivityService.swift */,
				BDCB980738AC4E0CC5107818 /* WorkoutSetupView.swift */,
				3A6DC6FB67F9BACD11E61A7C /* WorkoutView.swift */,
				87EEC435EED1CA94098C7D90 /* Assets.xcassets */,
				E318C05DE957103895C46D4D /* Localizable.xcstrings */,
				B932C6512D2D15B16577E6A1 /* AppShortcuts.xcstrings */,
				E428C79D808BF13F54F127D9 /* PrivacyInfo.xcprivacy */,
				C936E64C6CA45C231DCDF21D /* blop.wav */,
				3EB8228BF3FCDF654E0AB262 /* complete-signal.wav */,
				77A5433A526D11A5AF815CB8 /* rest-end-signal.wav */,
				B91C3ED469F842E63C9ABB25 /* silence.wav */,
				8B087767E7473AFA6AAA8814 /* start-signal.wav */,
				05AC5FFB806A2EC65BC3EE63 /* work-end-signal.wav */,
			);
			name = Interval;
			path = Interval;
			sourceTree = "<group>";
		};
		57202F30078EDB4811B4D0C6 /* Frameworks */ = {
			isa = PBXGroup;
			children = (
				7A6A1D6721B087D0B89C3378 /* iOS */,
			);
			name = Frameworks;
			sourceTree = "<group>";
		};
		6445681BB7831C783F406777 /* Products */ = {
			isa = PBXGroup;
			children = (
				7D70E60E4EF35381106CB047 /* Interval.app */,
				314103B074FC24D85C7BD198 /* IntervalTests.xctest */,
				D37D8B465F2F8FC2800EF8C4 /* IntervalWidgets.appex */,
			);
			name = Products;
			sourceTree = "<group>";
		};
		7A6A1D6721B087D0B89C3378 /* iOS */ = {
			isa = PBXGroup;
			children = (
				3ECAB6DF0A5999F1DC4FBD26 /* Foundation.framework */,
			);
			name = iOS;
			sourceTree = "<group>";
		};
		B362C9CE8F65FC4EAF0B2CCD /* IntervalWidgets */ = {
			isa = PBXGroup;
			children = (
				F6333AF9CE1148DEBE6132B6 /* IntervalWidgetsBundle.swift */,
				9E64AB57B9FFEB11AC08C6EF /* WorkoutLiveActivityWidget.swift */,
				568FC4C0DF29865FBF8BAAB5 /* WorkoutActivityAttributes.swift */,
				329EDA4A48C5D03DAB56AFDD /* WorkoutLiveActivityContent.swift */,
				D9A923F0C0EC4862603BBEE9 /* Localizable.xcstrings */,
			);
			name = IntervalWidgets;
			path = IntervalWidgets;
			sourceTree = "<group>";
		};
		E0F25679515233F58F6FE433 /* IntervalTests */ = {
			isa = PBXGroup;
			children = (
				CC97538DA981D9F578E930EA /* SpokenCueTests.swift */,
				903923021812F90502AF8D6D /* StartWorkoutIntentTests.swift */,
				4CE4B91E9A2EA43C3563ABA9 /* WorkoutTimelineTests.swift */,
			);
			name = IntervalTests;
			path = IntervalTests;
			sourceTree = "<group>";
		};
/* End PBXGroup section */

/* Begin PBXNativeTarget section */
		3DE389137F4977A1BCF62F8B /* Interval */ = {
			isa = PBXNativeTarget;
			buildConfigurationList = 8A9419199D57C535C1AB7584 /* Build configuration list for PBXNativeTarget "Interval" */;
			buildPhases = (
				B7AD80BD1C0DE963468C568E /* Sources */,
				4F239CFAC83A35D6C6CBF649 /* Frameworks */,
				6FA7DEC41B9C30099A6717BF /* Resources */,
				F31C9936F4E701052C875874 /* Embed App Extensions */,
			);
			buildRules = (
			);
			dependencies = (
				4F6795E5E04A0229B098B00D /* PBXTargetDependency */,
			);
			name = Interval;
			productName = Interval;
			productReference = 7D70E60E4EF35381106CB047 /* Interval.app */;
			productType = "com.apple.product-type.application";
		};
		7629F9C1DCB1715F3AE9135E /* IntervalWidgets */ = {
			isa = PBXNativeTarget;
			buildConfigurationList = 5F165C8D9763AD3D565A18D5 /* Build configuration list for PBXNativeTarget "IntervalWidgets" */;
			buildPhases = (
				32548DAEF168B77256EFE51C /* Sources */,
				21B8F33324090F27E5669C14 /* Frameworks */,
				824F773FB2296879A054A0D7 /* Resources */,
			);
			buildRules = (
			);
			dependencies = (
			);
			name = IntervalWidgets;
			productName = IntervalWidgets;
			productReference = D37D8B465F2F8FC2800EF8C4 /* IntervalWidgets.appex */;
			productType = "com.apple.product-type.app-extension";
		};
		EBF60CDD5064EE226B1C0CD0 /* IntervalTests */ = {
			isa = PBXNativeTarget;
			buildConfigurationList = 2DC8ACA96940B5638FDDD1BC /* Build configuration list for PBXNativeTarget "IntervalTests" */;
			buildPhases = (
				568BB2FEF794CD8B0EBC7A23 /* Sources */,
				CF7C8D0235A42C2C9B94472E /* Frameworks */,
				A1047FB4FB1BF13D205E43D6 /* Resources */,
			);
			buildRules = (
			);
			dependencies = (
				C5F90B852446D4FD2FE64F70 /* PBXTargetDependency */,
			);
			name = IntervalTests;
			productName = IntervalTests;
			productReference = 314103B074FC24D85C7BD198 /* IntervalTests.xctest */;
			productType = "com.apple.product-type.bundle.unit-test";
		};
/* End PBXNativeTarget section */

/* Begin PBXProject section */
		5C501329D2F78940130DD2C2 /* Project object */ = {
			isa = PBXProject;
			attributes = {
				LastSwiftUpdateCheck = 2630;
				LastUpgradeCheck = 2630;
			};
			buildConfigurationList = 3A84FBE5B953D288F335FD17 /* Build configuration list for PBXProject "Interval" */;
			compatibilityVersion = "Xcode 3.2";
			developmentRegion = en;
			hasScannedForEncodings = 0;
			knownRegions = (
				en,
				da,
				Base,
			);
			mainGroup = 2EE87D8A34D01C57F90A90FC;
			minimizedProjectReferenceProxies = 0;
			preferredProjectObjectVersion = 77;
			productRefGroup = 6445681BB7831C783F406777 /* Products */;
			projectDirPath = "";
			projectRoot = "";
			targets = (
				3DE389137F4977A1BCF62F8B /* Interval */,
				EBF60CDD5064EE226B1C0CD0 /* IntervalTests */,
				7629F9C1DCB1715F3AE9135E /* IntervalWidgets */,
			);
		};
/* End PBXProject section */

/* Begin PBXResourcesBuildPhase section */
		6FA7DEC41B9C30099A6717BF /* Resources */ = {
			isa = PBXResourcesBuildPhase;
			buildActionMask = 2147483647;
			files = (
				B1867C577EB2A64776B0B952 /* Assets.xcassets in Resources */,
				BCB081BB886A6757145F0802 /* Localizable.xcstrings in Resources */,
				9C5266416E327E96763C17BC /* AppShortcuts.xcstrings in Resources */,
				45D61D2195730D96B488D0D1 /* PrivacyInfo.xcprivacy in Resources */,
				EEF09BF26886BFB75C51197C /* blop.wav in Resources */,
				5570BEAD243B7C79B6BB86AD /* complete-signal.wav in Resources */,
				784D1E40E3EFCA9BDD529E50 /* rest-end-signal.wav in Resources */,
				08E0455D3D60A784E35894B3 /* silence.wav in Resources */,
				149CAD14DEE78C25C2A1CFDD /* start-signal.wav in Resources */,
				A230E59822FB574591F3A827 /* work-end-signal.wav in Resources */,
			);
			runOnlyForDeploymentPostprocessing = 0;
		};
		824F773FB2296879A054A0D7 /* Resources */ = {
			isa = PBXResourcesBuildPhase;
			buildActionMask = 2147483647;
			files = (
				D8824D3C2BA6B099C9B85FB2 /* Localizable.xcstrings in Resources */,
			);
			runOnlyForDeploymentPostprocessing = 0;
		};
		A1047FB4FB1BF13D205E43D6 /* Resources */ = {
			isa = PBXResourcesBuildPhase;
			buildActionMask = 2147483647;
			files = (
			);
			runOnlyForDeploymentPostprocessing = 0;
		};
/* End PBXResourcesBuildPhase section */

/* Begin PBXSourcesBuildPhase section */
		32548DAEF168B77256EFE51C /* Sources */ = {
			isa = PBXSourcesBuildPhase;
			buildActionMask = 2147483647;
			files = (
				3EB3CDD83A9C231D30D6E3F8 /* IntervalWidgetsBundle.swift in Sources */,
				CCEB5BA8960F67D5F5A7CB0C /* WorkoutLiveActivityWidget.swift in Sources */,
				8B2C1FE4C2766CF651A4FB72 /* WorkoutActivityAttributes.swift in Sources */,
				3C8274B8A4395FD85D7BF48E /* WorkoutLiveActivityContent.swift in Sources */,
			);
			runOnlyForDeploymentPostprocessing = 0;
		};
		568BB2FEF794CD8B0EBC7A23 /* Sources */ = {
			isa = PBXSourcesBuildPhase;
			buildActionMask = 2147483647;
			files = (
				54052835480BAB87760B1D39 /* SpokenCueTests.swift in Sources */,
				FE744C5F7CD305905D021CC5 /* StartWorkoutIntentTests.swift in Sources */,
				F7BFC1936F83E7D87FB79DD8 /* WorkoutTimelineTests.swift in Sources */,
			);
			runOnlyForDeploymentPostprocessing = 0;
		};
		B7AD80BD1C0DE963468C568E /* Sources */ = {
			isa = PBXSourcesBuildPhase;
			buildActionMask = 2147483647;
			files = (
				9A699DA9B01ECF567AB032B9 /* AppStore.swift in Sources */,
				D95611B2A9943CC29D228BBA /* AudioCueService.swift in Sources */,
				DE7E5055B87A619E18365BA0 /* DurationPickerView.swift in Sources */,
				771E82596F5E016A662CAFB0 /* HistoryView.swift in Sources */,
				85160519C9EF4A3BC92907A2 /* IntervalApp.swift in Sources */,
				43626E51DE70766AF7DA66A6 /* Models.swift in Sources */,
				C7FE145A103DDC0F9101C5FB /* RootView.swift in Sources */,
				744392FE5C62819B8941B153 /* SettingsView.swift in Sources */,
				C2D99A8A6B1E335BDBD18396 /* SpeechCueService.swift in Sources */,
				C076213D05C8E068B88728B1 /* SpokenCue.swift in Sources */,
				6A15D68CA51162A2FDE59258 /* StartWorkoutIntent.swift in Sources */,
				1FA4925ACF7E3B48E848CFDD /* WorkoutActivityAttributes.swift in Sources */,
				BC49688B996510C8B2792054 /* WorkoutEngine.swift in Sources */,
				A4708371055FE297E5F29045 /* WorkoutLiveActivityContent.swift in Sources */,
				497FC072B1211A3EF2A85775 /* WorkoutLiveActivityService.swift in Sources */,
				76E330E9C01A48B9CB2603F8 /* WorkoutSetupView.swift in Sources */,
				590134717773A3F0814C4E3C /* WorkoutView.swift in Sources */,
			);
			runOnlyForDeploymentPostprocessing = 0;
		};
/* End PBXSourcesBuildPhase section */

/* Begin PBXTargetDependency section */
		4F6795E5E04A0229B098B00D /* PBXTargetDependency */ = {
			isa = PBXTargetDependency;
			name = IntervalWidgets;
			target = 7629F9C1DCB1715F3AE9135E /* IntervalWidgets */;
			targetProxy = FA85BFC3F5BDDEAE592DC53C /* PBXContainerItemProxy */;
		};
		C5F90B852446D4FD2FE64F70 /* PBXTargetDependency */ = {
			isa = PBXTargetDependency;
			name = Interval;
			target = 3DE389137F4977A1BCF62F8B /* Interval */;
			targetProxy = 84D67035B3AA9BF8A4B4460B /* PBXContainerItemProxy */;
		};
/* End PBXTargetDependency section */

/* Begin XCBuildConfiguration section */
		331643B901E51E5C8BA6FD74 /* Debug */ = {
			isa = XCBuildConfiguration;
			buildSettings = {
				BUNDLE_LOADER = "$(TEST_HOST)";
				CLANG_ENABLE_OBJC_WEAK = NO;
				CODE_SIGN_STYLE = Automatic;
				DEVELOPMENT_TEAM = "";
				GENERATE_INFOPLIST_FILE = YES;
				IPHONEOS_DEPLOYMENT_TARGET = 17.0;
				PRODUCT_BUNDLE_IDENTIFIER = "$(APP_BUNDLE_ID).tests";
				SDKROOT = iphoneos;
				SWIFT_VERSION = 5.0;
				TEST_HOST = "$(BUILT_PRODUCTS_DIR)/Interval.app/$(BUNDLE_EXECUTABLE_FOLDER_PATH)/Interval";
			};
			name = Debug;
		};
		3C297003446BB9FE181B0576 /* Debug */ = {
			isa = XCBuildConfiguration;
			buildSettings = {
				ALWAYS_SEARCH_USER_PATHS = NO;
				APP_BUNDLE_ID = com.bundsgaard.kyclaro;
				CLANG_ANALYZER_NONNULL = YES;
				CLANG_ANALYZER_NUMBER_OBJECT_CONVERSION = YES_AGGRESSIVE;
				CLANG_CXX_LANGUAGE_STANDARD = "gnu++14";
				CLANG_CXX_LIBRARY = "libc++";
				CLANG_ENABLE_MODULES = YES;
				CLANG_ENABLE_OBJC_ARC = YES;
				CLANG_ENABLE_OBJC_WEAK = YES;
				CLANG_WARN_BLOCK_CAPTURE_AUTORELEASING = YES;
				CLANG_WARN_BOOL_CONVERSION = YES;
				CLANG_WARN_COMMA = YES;
				CLANG_WARN_CONSTANT_CONVERSION = YES;
				CLANG_WARN_DEPRECATED_OBJC_IMPLEMENTATIONS = YES;
				CLANG_WARN_DIRECT_OBJC_ISA_USAGE = YES_ERROR;
				CLANG_WARN_DOCUMENTATION_COMMENTS = YES;
				CLANG_WARN_EMPTY_BODY = YES;
				CLANG_WARN_ENUM_CONVERSION = YES;
				CLANG_WARN_INFINITE_RECURSION = YES;
				CLANG_WARN_INT_CONVERSION = YES;
				CLANG_WARN_NON_LITERAL_NULL_CONVERSION = YES;
				CLANG_WARN_OBJC_IMPLICIT_RETAIN_SELF = YES;
				CLANG_WARN_OBJC_LITERAL_CONVERSION = YES;
				CLANG_WARN_OBJC_ROOT_CLASS = YES_ERROR;
				CLANG_WARN_QUOTED_INCLUDE_IN_FRAMEWORK_HEADER = YES;
				CLANG_WARN_RANGE_LOOP_ANALYSIS = YES;
				CLANG_WARN_STRICT_PROTOTYPES = YES;
				CLANG_WARN_SUSPICIOUS_MOVE = YES;
				CLANG_WARN_UNGUARDED_AVAILABILITY = YES_AGGRESSIVE;
				CLANG_WARN_UNREACHABLE_CODE = YES;
				CLANG_WARN__DUPLICATE_METHOD_MATCH = YES;
				COPY_PHASE_STRIP = NO;
				CURRENT_PROJECT_VERSION = 1;
				DEBUG_INFORMATION_FORMAT = dwarf;
				ENABLE_STRICT_OBJC_MSGSEND = YES;
				ENABLE_TESTABILITY = YES;
				GCC_C_LANGUAGE_STANDARD = gnu11;
				GCC_DYNAMIC_NO_PIC = NO;
				GCC_NO_COMMON_BLOCKS = YES;
				GCC_OPTIMIZATION_LEVEL = 0;
				GCC_PREPROCESSOR_DEFINITIONS = (
					"DEBUG=1",
					"$(inherited)",
				);
				GCC_WARN_64_TO_32_BIT_CONVERSION = YES;
				GCC_WARN_ABOUT_RETURN_TYPE = YES_ERROR;
				GCC_WARN_UNDECLARED_SELECTOR = YES;
				GCC_WARN_UNINITIALIZED_AUTOS = YES_AGGRESSIVE;
				GCC_WARN_UNUSED_FUNCTION = YES;
				GCC_WARN_UNUSED_VARIABLE = YES;
				MARKETING_VERSION = 1.0;
				MTL_ENABLE_DEBUG_INFO = INCLUDE_SOURCE;
				MTL_FAST_MATH = YES;
				ONLY_ACTIVE_ARCH = YES;
				PRODUCT_NAME = "$(TARGET_NAME)";
				SWIFT_ACTIVE_COMPILATION_CONDITIONS = DEBUG;
				SWIFT_OPTIMIZATION_LEVEL = "-Onone";
				SWIFT_VERSION = 5.0;
			};
			name = Debug;
		};
		7552591F35E448B24A8236E6 /* Debug */ = {
			isa = XCBuildConfiguration;
			buildSettings = {
				ASSETCATALOG_COMPILER_APPICON_NAME = AppIcon;
				ASSETCATALOG_COMPILER_GLOBAL_ACCENT_COLOR_NAME = AccentColor;
				CLANG_ENABLE_OBJC_WEAK = NO;
				CODE_SIGN_STYLE = Automatic;
				DEVELOPMENT_TEAM = "";
				GENERATE_INFOPLIST_FILE = NO;
				INFOPLIST_FILE = Interval/Info.plist;
				IPHONEOS_DEPLOYMENT_TARGET = 17.0;
				LD_RUNPATH_SEARCH_PATHS = "$(inherited) @executable_path/Frameworks";
				PRODUCT_BUNDLE_IDENTIFIER = "$(APP_BUNDLE_ID)";
				SDKROOT = iphoneos;
				SWIFT_VERSION = 5.0;
				TARGETED_DEVICE_FAMILY = 1;
			};
			name = Debug;
		};
		8D8D69E89D2EEB422640B136 /* Release */ = {
			isa = XCBuildConfiguration;
			buildSettings = {
				ALWAYS_SEARCH_USER_PATHS = NO;
				APP_BUNDLE_ID = com.bundsgaard.kyclaro;
				CLANG_ANALYZER_NONNULL = YES;
				CLANG_ANALYZER_NUMBER_OBJECT_CONVERSION = YES_AGGRESSIVE;
				CLANG_CXX_LANGUAGE_STANDARD = "gnu++14";
				CLANG_CXX_LIBRARY = "libc++";
				CLANG_ENABLE_MODULES = YES;
				CLANG_ENABLE_OBJC_ARC = YES;
				CLANG_ENABLE_OBJC_WEAK = YES;
				CLANG_WARN_BLOCK_CAPTURE_AUTORELEASING = YES;
				CLANG_WARN_BOOL_CONVERSION = YES;
				CLANG_WARN_COMMA = YES;
				CLANG_WARN_CONSTANT_CONVERSION = YES;
				CLANG_WARN_DEPRECATED_OBJC_IMPLEMENTATIONS = YES;
				CLANG_WARN_DIRECT_OBJC_ISA_USAGE = YES_ERROR;
				CLANG_WARN_DOCUMENTATION_COMMENTS = YES;
				CLANG_WARN_EMPTY_BODY = YES;
				CLANG_WARN_ENUM_CONVERSION = YES;
				CLANG_WARN_INFINITE_RECURSION = YES;
				CLANG_WARN_INT_CONVERSION = YES;
				CLANG_WARN_NON_LITERAL_NULL_CONVERSION = YES;
				CLANG_WARN_OBJC_IMPLICIT_RETAIN_SELF = YES;
				CLANG_WARN_OBJC_LITERAL_CONVERSION = YES;
				CLANG_WARN_OBJC_ROOT_CLASS = YES_ERROR;
				CLANG_WARN_QUOTED_INCLUDE_IN_FRAMEWORK_HEADER = YES;
				CLANG_WARN_RANGE_LOOP_ANALYSIS = YES;
				CLANG_WARN_STRICT_PROTOTYPES = YES;
				CLANG_WARN_SUSPICIOUS_MOVE = YES;
				CLANG_WARN_UNGUARDED_AVAILABILITY = YES_AGGRESSIVE;
				CLANG_WARN_UNREACHABLE_CODE = YES;
				CLANG_WARN__DUPLICATE_METHOD_MATCH = YES;
				COPY_PHASE_STRIP = NO;
				CURRENT_PROJECT_VERSION = 1;
				DEBUG_INFORMATION_FORMAT = "dwarf-with-dsym";
				ENABLE_NS_ASSERTIONS = NO;
				ENABLE_STRICT_OBJC_MSGSEND = YES;
				GCC_C_LANGUAGE_STANDARD = gnu11;
				GCC_NO_COMMON_BLOCKS = YES;
				GCC_WARN_64_TO_32_BIT_CONVERSION = YES;
				GCC_WARN_ABOUT_RETURN_TYPE = YES_ERROR;
				GCC_WARN_UNDECLARED_SELECTOR = YES;
				GCC_WARN_UNINITIALIZED_AUTOS = YES_AGGRESSIVE;
				GCC_WARN_UNUSED_FUNCTION = YES;
				GCC_WARN_UNUSED_VARIABLE = YES;
				MARKETING_VERSION = 1.0;
				MTL_ENABLE_DEBUG_INFO = NO;
				MTL_FAST_MATH = YES;
				PRODUCT_NAME = "$(TARGET_NAME)";
				SWIFT_COMPILATION_MODE = wholemodule;
				SWIFT_OPTIMIZATION_LEVEL = "-O";
				SWIFT_VERSION = 5.0;
			};
			name = Release;
		};
		D39205C4655DF4988D448816 /* Debug */ = {
			isa = XCBuildConfiguration;
			buildSettings = {
				APPLICATION_EXTENSION_API_ONLY = YES;
				CLANG_ENABLE_OBJC_WEAK = NO;
				CODE_SIGN_STYLE = Automatic;
				DEVELOPMENT_TEAM = "";
				GENERATE_INFOPLIST_FILE = NO;
				INFOPLIST_FILE = IntervalWidgets/Info.plist;
				IPHONEOS_DEPLOYMENT_TARGET = 17.0;
				PRODUCT_BUNDLE_IDENTIFIER = "$(APP_BUNDLE_ID).widgets";
				SDKROOT = iphoneos;
				SKIP_INSTALL = YES;
				SWIFT_VERSION = 5.0;
				TARGETED_DEVICE_FAMILY = 1;
			};
			name = Debug;
		};
		E1275C195175225286DDA927 /* Release */ = {
			isa = XCBuildConfiguration;
			buildSettings = {
				APPLICATION_EXTENSION_API_ONLY = YES;
				CLANG_ENABLE_OBJC_WEAK = NO;
				CODE_SIGN_STYLE = Automatic;
				DEVELOPMENT_TEAM = "";
				GENERATE_INFOPLIST_FILE = NO;
				INFOPLIST_FILE = IntervalWidgets/Info.plist;
				IPHONEOS_DEPLOYMENT_TARGET = 17.0;
				PRODUCT_BUNDLE_IDENTIFIER = "$(APP_BUNDLE_ID).widgets";
				SDKROOT = iphoneos;
				SKIP_INSTALL = YES;
				SWIFT_VERSION = 5.0;
				TARGETED_DEVICE_FAMILY = 1;
				VALIDATE_PRODUCT = YES;
			};
			name = Release;
		};
		F85980412156834BCAD445E0 /* Release */ = {
			isa = XCBuildConfiguration;
			buildSettings = {
				BUNDLE_LOADER = "$(TEST_HOST)";
				CLANG_ENABLE_OBJC_WEAK = NO;
				CODE_SIGN_STYLE = Automatic;
				DEVELOPMENT_TEAM = "";
				GENERATE_INFOPLIST_FILE = YES;
				IPHONEOS_DEPLOYMENT_TARGET = 17.0;
				PRODUCT_BUNDLE_IDENTIFIER = "$(APP_BUNDLE_ID).tests";
				SDKROOT = iphoneos;
				SWIFT_VERSION = 5.0;
				TEST_HOST = "$(BUILT_PRODUCTS_DIR)/Interval.app/$(BUNDLE_EXECUTABLE_FOLDER_PATH)/Interval";
				VALIDATE_PRODUCT = YES;
			};
			name = Release;
		};
		FB645B0D20CAEB56C1158ED1 /* Release */ = {
			isa = XCBuildConfiguration;
			buildSettings = {
				ASSETCATALOG_COMPILER_APPICON_NAME = AppIcon;
				ASSETCATALOG_COMPILER_GLOBAL_ACCENT_COLOR_NAME = AccentColor;
				CLANG_ENABLE_OBJC_WEAK = NO;
				CODE_SIGN_STYLE = Automatic;
				DEVELOPMENT_TEAM = "";
				GENERATE_INFOPLIST_FILE = NO;
				INFOPLIST_FILE = Interval/Info.plist;
				IPHONEOS_DEPLOYMENT_TARGET = 17.0;
				LD_RUNPATH_SEARCH_PATHS = "$(inherited) @executable_path/Frameworks";
				PRODUCT_BUNDLE_IDENTIFIER = "$(APP_BUNDLE_ID)";
				SDKROOT = iphoneos;
				SWIFT_VERSION = 5.0;
				TARGETED_DEVICE_FAMILY = 1;
				VALIDATE_PRODUCT = YES;
			};
			name = Release;
		};
/* End XCBuildConfiguration section */

/* Begin XCConfigurationList section */
		2DC8ACA96940B5638FDDD1BC /* Build configuration list for PBXNativeTarget "IntervalTests" */ = {
			isa = XCConfigurationList;
			buildConfigurations = (
				F85980412156834BCAD445E0 /* Release */,
				331643B901E51E5C8BA6FD74 /* Debug */,
			);
			defaultConfigurationIsVisible = 0;
			defaultConfigurationName = Release;
		};
		3A84FBE5B953D288F335FD17 /* Build configuration list for PBXProject "Interval" */ = {
			isa = XCConfigurationList;
			buildConfigurations = (
				3C297003446BB9FE181B0576 /* Debug */,
				8D8D69E89D2EEB422640B136 /* Release */,
			);
			defaultConfigurationIsVisible = 0;
			defaultConfigurationName = Release;
		};
		5F165C8D9763AD3D565A18D5 /* Build configuration list for PBXNativeTarget "IntervalWidgets" */ = {
			isa = XCConfigurationList;
			buildConfigurations = (
				E1275C195175225286DDA927 /* Release */,
				D39205C4655DF4988D448816 /* Debug */,
			);
			defaultConfigurationIsVisible = 0;
			defaultConfigurationName = Release;
		};
		8A9419199D57C535C1AB7584 /* Build configuration list for PBXNativeTarget "Interval" */ = {
			isa = XCConfigurationList;
			buildConfigurations = (
				FB645B0D20CAEB56C1158ED1 /* Release */,
				7552591F35E448B24A8236E6 /* Debug */,
			);
			defaultConfigurationIsVisible = 0;
			defaultConfigurationName = Release;
		};
/* End XCConfigurationList section */
	};
	rootObject = 5C501329D2F78940130DD2C2 /* Project object */;
}
