// !$*UTF8*$!
{
	archiveVersion = 1;
	classes = {
	};
	objectVersion = 46;
	objects = {

/* Begin PBXBuildFile section */
		099827CE697A869CE2FE1219 /* WorkoutActivityAttributes.swift in Sources */ = {isa = PBXBuildFile; fileRef = DAC60689F0A3A3C580E11721 /* WorkoutActivityAttributes.swift */; };
		14A3C1C3E93F453313BBD501 /* Foundation.framework in Frameworks */ = {isa = PBXBuildFile; fileRef = 6A1405E75A266C1637A2A7B4 /* Foundation.framework */; };
		16C22DD77CC464BCE0D9B540 /* IntervalWidgetsBundle.swift in Sources */ = {isa = PBXBuildFile; fileRef = 77E3FAB820A5451119EDE4A5 /* IntervalWidgetsBundle.swift */; };
		193394AA7F10DDC6CA07E162 /* Assets.xcassets in Resources */ = {isa = PBXBuildFile; fileRef = 2858E1CE28AEDB191EEE000C /* Assets.xcassets */; };
		25646500871D9A57D4F18FDD /* RootView.swift in Sources */ = {isa = PBXBuildFile; fileRef = D29560905729C88A3134D9AB /* RootView.swift */; };
		2C07E238648C11558627E5DF /* Foundation.framework in Frameworks */ = {isa = PBXBuildFile; fileRef = 6A1405E75A266C1637A2A7B4 /* Foundation.framework */; };
		34D11D1AF0F439022290E60A /* blop.wav in Resources */ = {isa = PBXBuildFile; fileRef = 619A7EEDD3583996FA55993E /* blop.wav */; };
		3748FF2688168EB16676496E /* work-end-signal.wav in Resources */ = {isa = PBXBuildFile; fileRef = AA9C79E134C0249E4D3E6F3E /* work-end-signal.wav */; };
		51550166BC7AA9381294CA47 /* Models.swift in Sources */ = {isa = PBXBuildFile; fileRef = 2B4581C6C49258813CCE3400 /* Models.swift */; };
		52AEB6F7134DF72CCC6F6BAB /* silence.wav in Resources */ = {isa = PBXBuildFile; fileRef = 728ACB6D2377CAA8D4747B0A /* silence.wav */; };
		5CDFCC816F620C3BD8E11838 /* IntervalApp.swift in Sources */ = {isa = PBXBuildFile; fileRef = 8A30657AEDF63B89D69FFE0D /* IntervalApp.swift */; };
		606C2F5B04F05385F2BBE57F /* complete-signal.wav in Resources */ = {isa = PBXBuildFile; fileRef = 6D7842B9C989EB1ED092CEF4 /* complete-signal.wav */; };
		6AD579293859A2D31F09D2BF /* WorkoutSetupView.swift in Sources */ = {isa = PBXBuildFile; fileRef = CD491574B2288AD8BEBA813A /* WorkoutSetupView.swift */; };
		71D3AFFC1999C1161DFB684D /* PrivacyInfo.xcprivacy in Resources */ = {isa = PBXBuildFile; fileRef = 6DEE54DEA50F926454736D4A /* PrivacyInfo.xcprivacy */; };
		856A7DA651365725CBDEC25D /* AppStore.swift in Sources */ = {isa = PBXBuildFile; fileRef = ED62C8326C9C2D3FBACC5E31 /* AppStore.swift */; };
		885DE9A53284FF2D302F92FD /* AudioCueService.swift in Sources */ = {isa = PBXBuildFile; fileRef = 121B3E3E2746C28D23F64FDE /* AudioCueService.swift */; };
		907F16B99D55D8F3C0217E06 /* WorkoutLiveActivityWidget.swift in Sources */ = {isa = PBXBuildFile; fileRef = 9939BFCB54F021E4D2A395D3 /* WorkoutLiveActivityWidget.swift */; };
		941E0AA59FA4C0494659D873 /* SettingsView.swift in Sources */ = {isa = PBXBuildFile; fileRef = C8908618CE9AF5E0A890E7CE /* SettingsView.swift */; };
		971AB587AA7CFA71AD62E528 /* WorkoutLiveActivityService.swift in Sources */ = {isa = PBXBuildFile; fileRef = BDA2F5993CBEC9DA10517707 /* WorkoutLiveActivityService.swift */; };
		9923C4951FCF809C23A78F35 /* WorkoutLiveActivityContent.swift in Sources */ = {isa = PBXBuildFile; fileRef = 01AC5C21557C833B5B8F1548 /* WorkoutLiveActivityContent.swift */; };
		9994FAD20B0FA32010D11E71 /* IntervalWidgets.appex in Embed App Extensions */ = {isa = PBXBuildFile; fileRef = CB75E85685C591B67A25A2B0 /* IntervalWidgets.appex */; };
		A42C7852DF73303BA7328AB4 /* WorkoutLiveActivityContent.swift in Sources */ = {isa = PBXBuildFile; fileRef = B9BA7F17328B6247AD0230BD /* WorkoutLiveActivityContent.swift */; };
		A4F56219245EFB9148029EDA /* WorkoutView.swift in Sources */ = {isa = PBXBuildFile; fileRef = 8C8FA18221368599677B8C6A /* WorkoutView.swift */; };
		B319859D40C33ECC10EECC87 /* WorkoutEngine.swift in Sources */ = {isa = PBXBuildFile; fileRef = 5193C9FC326008F29D5ABC8B /* WorkoutEngine.swift */; };
		B458333736F1E282626391E2 /* HistoryView.swift in Sources */ = {isa = PBXBuildFile; fileRef = 02BE12E1424BE1867543C7F9 /* HistoryView.swift */; };
		C8D185D048A62F3950DB1B68 /* rest-end-signal.wav in Resources */ = {isa = PBXBuildFile; fileRef = 3BBE6FE85D9C574FDED5768F /* rest-end-signal.wav */; };
		D3953D1CB20F41CB5DA3CA5D /* WorkoutTimelineTests.swift in Sources */ = {isa = PBXBuildFile; fileRef = E3216D21EBB1F91E4FC9DC8E /* WorkoutTimelineTests.swift */; };
		E3E669E1C94DBC0CAB6DDA7D /* DurationPickerView.swift in Sources */ = {isa = PBXBuildFile; fileRef = 59FD7745843DB334F20E2BE1 /* DurationPickerView.swift */; };
		E5C011ED6ED27C1DA450837D /* start-signal.wav in Resources */ = {isa = PBXBuildFile; fileRef = 8B588865539E0941719E90E0 /* start-signal.wav */; };
		EA1AF4A0023F7C353192F4F4 /* WorkoutActivityAttributes.swift in Sources */ = {isa = PBXBuildFile; fileRef = 374D4BDA7D0F404DB48397B5 /* WorkoutActivityAttributes.swift */; };
		ED81E0F508791258AB9BE431 /* Foundation.framework in Frameworks */ = {isa = PBXBuildFile; fileRef = 6A1405E75A266C1637A2A7B4 /* Foundation.framework */; };
/* End PBXBuildFile section */

/* Begin PBXContainerItemProxy section */
		81501D0C0DF2B474866D61FA /* PBXContainerItemProxy */ = {
			isa = PBXContainerItemProxy;
			containerPortal = 30784A42ED31091A5913CAEA /* Project object */;
			proxyType = 1;
			remoteGlobalIDString = B1631808C28F495CE207FC7A;
			remoteInfo = IntervalWidgets;
		};
		E4EBF592EA84FF072F38EB77 /* PBXContainerItemProxy */ = {
			isa = PBXContainerItemProxy;
			containerPortal = 30784A42ED31091A5913CAEA /* Project object */;
			proxyType = 1;
			remoteGlobalIDString = BB92CADD525C7740C66FE66B;
			remoteInfo = Interval;
		};
/* End PBXContainerItemProxy section */

/* Begin PBXCopyFilesBuildPhase section */
		4AB208D79502BA0248CE9D62 /* Embed App Extensions */ = {
			isa = PBXCopyFilesBuildPhase;
			buildActionMask = 2147483647;
			dstPath = "";
			dstSubfolderSpec = 13;
			files = (
				9994FAD20B0FA32010D11E71 /* IntervalWidgets.appex in Embed App Extensions */,
			);
			name = "Embed App Extensions";
			runOnlyForDeploymentPostprocessing = 0;
		};
/* End PBXCopyFilesBuildPhase section */

/* Begin PBXFileReference section */
		01AC5C21557C833B5B8F1548 /* WorkoutLiveActivityContent.swift */ = {isa = PBXFileReference; includeInIndex = 1; lastKnownFileType = sourcecode.swift; path = WorkoutLiveActivityContent.swift; sourceTree = "<group>"; };
		02BE12E1424BE1867543C7F9 /* HistoryView.swift */ = {isa = PBXFileReference; includeInIndex = 1; lastKnownFileType = sourcecode.swift; path = HistoryView.swift; sourceTree = "<group>"; };
		121B3E3E2746C28D23F64FDE /* AudioCueService.swift */ = {isa = PBXFileReference; includeInIndex = 1; lastKnownFileType = sourcecode.swift; path = AudioCueService.swift; sourceTree = "<group>"; };
		2858E1CE28AEDB191EEE000C /* Assets.xcassets */ = {isa = PBXFileReference; includeInIndex = 1; lastKnownFileType = folder.assetcatalog; path = Assets.xcassets; sourceTree = "<group>"; };
		2B4581C6C49258813CCE3400 /* Models.swift */ = {isa = PBXFileReference; includeInIndex = 1; lastKnownFileType = sourcecode.swift; path = Models.swift; sourceTree = "<group>"; };
		374D4BDA7D0F404DB48397B5 /* WorkoutActivityAttributes.swift */ = {isa = PBXFileReference; includeInIndex = 1; lastKnownFileType = sourcecode.swift; name = WorkoutActivityAttributes.swift; path = ../Interval/WorkoutActivityAttributes.swift; sourceTree = "<group>"; };
		38D27E514521E1FDA52A2E80 /* Interval.app */ = {isa = PBXFileReference; explicitFileType = wrapper.application; includeInIndex = 0; path = Interval.app; sourceTree = BUILT_PRODUCTS_DIR; };
		3BBE6FE85D9C574FDED5768F /* rest-end-signal.wav */ = {isa = PBXFileReference; includeInIndex = 1; name = "rest-end-signal.wav"; path = "Sounds/rest-end-signal.wav"; sourceTree = "<group>"; };
		5193C9FC326008F29D5ABC8B /* WorkoutEngine.swift */ = {isa = PBXFileReference; includeInIndex = 1; lastKnownFileType = sourcecode.swift; path = WorkoutEngine.swift; sourceTree = "<group>"; };
		59FD7745843DB334F20E2BE1 /* DurationPickerView.swift */ = {isa = PBXFileReference; includeInIndex = 1; lastKnownFileType = sourcecode.swift; path = DurationPickerView.swift; sourceTree = "<group>"; };
		619A7EEDD3583996FA55993E /* blop.wav */ = {isa = PBXFileReference; includeInIndex = 1; name = blop.wav; path = Sounds/blop.wav; sourceTree = "<group>"; };
		6A1405E75A266C1637A2A7B4 /* Foundation.framework */ = {isa = PBXFileReference; lastKnownFileType = wrapper.framework; name = Foundation.framework; path = Platforms/iPhoneOS.platform/Developer/SDKs/iPhoneOS18.0.sdk/System/Library/Frameworks/Foundation.framework; sourceTree = DEVELOPER_DIR; };
		6D7842B9C989EB1ED092CEF4 /* complete-signal.wav */ = {isa = PBXFileReference; includeInIndex = 1; name = "complete-signal.wav"; path = "Sounds/complete-signal.wav"; sourceTree = "<group>"; };
		6DEE54DEA50F926454736D4A /* PrivacyInfo.xcprivacy */ = {isa = PBXFileReference; includeInIndex = 1; path = PrivacyInfo.xcprivacy; sourceTree = "<group>"; };
		728ACB6D2377CAA8D4747B0A /* silence.wav */ = {isa = PBXFileReference; includeInIndex = 1; name = silence.wav; path = Sounds/silence.wav; sourceTree = "<group>"; };
		77E3FAB820A5451119EDE4A5 /* IntervalWidgetsBundle.swift */ = {isa = PBXFileReference; includeInIndex = 1; lastKnownFileType = sourcecode.swift; path = IntervalWidgetsBundle.swift; sourceTree = "<group>"; };
		8A266A91DFFB43FDA6D5CCED /* IntervalTests.xctest */ = {isa = PBXFileReference; explicitFileType = wrapper.cfbundle; includeInIndex = 0; path = IntervalTests.xctest; sourceTree = BUILT_PRODUCTS_DIR; };
		8A30657AEDF63B89D69FFE0D /* IntervalApp.swift */ = {isa = PBXFileReference; includeInIndex = 1; lastKnownFileType = sourcecode.swift; path = IntervalApp.swift; sourceTree = "<group>"; };
		8B588865539E0941719E90E0 /* start-signal.wav */ = {isa = PBXFileReference; includeInIndex = 1; name = "start-signal.wav"; path = "Sounds/start-signal.wav"; sourceTree = "<group>"; };
		8C8FA18221368599677B8C6A /* WorkoutView.swift */ = {isa = PBXFileReference; includeInIndex = 1; lastKnownFileType = sourcecode.swift; path = WorkoutView.swift; sourceTree = "<group>"; };
		9939BFCB54F021E4D2A395D3 /* WorkoutLiveActivityWidget.swift */ = {isa = PBXFileReference; includeInIndex = 1; lastKnownFileType = sourcecode.swift; path = WorkoutLiveActivityWidget.swift; sourceTree = "<group>"; };
		AA9C79E134C0249E4D3E6F3E /* work-end-signal.wav */ = {isa = PBXFileReference; includeInIndex = 1; name = "work-end-signal.wav"; path = "Sounds/work-end-signal.wav"; sourceTree = "<group>"; };
		B9BA7F17328B6247AD0230BD /* WorkoutLiveActivityContent.swift */ = {isa = PBXFileReference; includeInIndex = 1; lastKnownFileType = sourcecode.swift; name = WorkoutLiveActivityContent.swift; path = ../Interval/WorkoutLiveActivityContent.swift; sourceTree = "<group>"; };
		BDA2F5993CBEC9DA10517707 /* WorkoutLiveActivityService.swift */ = {isa = PBXFileReference; includeInIndex = 1; lastKnownFileType = sourcecode.swift; path = WorkoutLiveActivityService.swift; sourceTree = "<group>"; };
		C8908618CE9AF5E0A890E7CE /* SettingsView.swift */ = {isa = PBXFileReference; includeInIndex = 1; lastKnownFileType = sourcecode.swift; path = SettingsView.swift; sourceTree = "<group>"; };
		CB75E85685C591B67A25A2B0 /* IntervalWidgets.appex */ = {isa = PBXFileReference; explicitFileType = "wrapper.app-extension"; includeInIndex = 0; path = IntervalWidgets.appex; sourceTree = BUILT_PRODUCTS_DIR; };
		CD491574B2288AD8BEBA813A /* WorkoutSetupView.swift */ = {isa = PBXFileReference; includeInIndex = 1; lastKnownFileType = sourcecode.swift; path = WorkoutSetupView.swift; sourceTree = "<group>"; };
		D29560905729C88A3134D9AB /* RootView.swift */ = {isa = PBXFileReference; includeInIndex = 1; lastKnownFileType = sourcecode.swift; path = RootView.swift; sourceTree = "<group>"; };
		DAC60689F0A3A3C580E11721 /* WorkoutActivityAttributes.swift */ = {isa = PBXFileReference; includeInIndex = 1; lastKnownFileType = sourcecode.swift; path = WorkoutActivityAttributes.swift; sourceTree = "<group>"; };
		E3216D21EBB1F91E4FC9DC8E /* WorkoutTimelineTests.swift */ = {isa = PBXFileReference; includeInIndex = 1; lastKnownFileType = sourcecode.swift; path = WorkoutTimelineTests.swift; sourceTree = "<group>"; };
		ED62C8326C9C2D3FBACC5E31 /* AppStore.swift */ = {isa = PBXFileReference; includeInIndex = 1; lastKnownFileType = sourcecode.swift; path = AppStore.swift; sourceTree = "<group>"; };
/* End PBXFileReference section */

/* Begin PBXFrameworksBuildPhase section */
		D2B36DF07EC1EB99C1CBBB5C /* Frameworks */ = {
			isa = PBXFrameworksBuildPhase;
			buildActionMask = 2147483647;
			files = (
				14A3C1C3E93F453313BBD501 /* Foundation.framework in Frameworks */,
			);
			runOnlyForDeploymentPostprocessing = 0;
		};
		DB2A7CAA00DDEDD7521BF6B6 /* Frameworks */ = {
			isa = PBXFrameworksBuildPhase;
			buildActionMask = 2147483647;
			files = (
				2C07E238648C11558627E5DF /* Foundation.framework in Frameworks */,
			);
			runOnlyForDeploymentPostprocessing = 0;
		};
		E7B0C00338FDA3D6CF3D7F1D /* Frameworks */ = {
			isa = PBXFrameworksBuildPhase;
			buildActionMask = 2147483647;
			files = (
				ED81E0F508791258AB9BE431 /* Foundation.framework in Frameworks */,
			);
			runOnlyForDeploymentPostprocessing = 0;
		};
/* End PBXFrameworksBuildPhase section */

/* Begin PBXGroup section */
		340C67EE7390336F5BA4C522 = {
			isa = PBXGroup;
			children = (
				9DA998C010510BF0567CBA22 /* Products */,
				A1B415189EDD5058FE3E3E8B /* Frameworks */,
				DA76EAFB01F43374CD788D5D /* Interval */,
				5460E0F3547D1FB48E21DE00 /* IntervalTests */,
				3E5F9490CCD108D96E0212E4 /* IntervalWidgets */,
			);
			sourceTree = "<group>";
		};
		3E5F9490CCD108D96E0212E4 /* IntervalWidgets */ = {
			isa = PBXGroup;
			children = (
				77E3FAB820A5451119EDE4A5 /* IntervalWidgetsBundle.swift */,
				9939BFCB54F021E4D2A395D3 /* WorkoutLiveActivityWidget.swift */,
				374D4BDA7D0F404DB48397B5 /* WorkoutActivityAttributes.swift */,
				B9BA7F17328B6247AD0230BD /* WorkoutLiveActivityContent.swift */,
			);
			name = IntervalWidgets;
			path = IntervalWidgets;
			sourceTree = "<group>";
		};
		438D10C871B6A59FF68C700D /* iOS */ = {
			isa = PBXGroup;
			children = (
				6A1405E75A266C1637A2A7B4 /* Foundation.framework */,
			);
			name = iOS;
			sourceTree = "<group>";
		};
		5460E0F3547D1FB48E21DE00 /* IntervalTests */ = {
			isa = PBXGroup;
			children = (
				E3216D21EBB1F91E4FC9DC8E /* WorkoutTimelineTests.swift */,
			);
			name = IntervalTests;
			path = IntervalTests;
			sourceTree = "<group>";
		};
		9DA998C010510BF0567CBA22 /* Products */ = {
			isa = PBXGroup;
			children = (
				38D27E514521E1FDA52A2E80 /* Interval.app */,
				8A266A91DFFB43FDA6D5CCED /* IntervalTests.xctest */,
				CB75E85685C591B67A25A2B0 /* IntervalWidgets.appex */,
			);
			name = Products;
			sourceTree = "<group>";
		};
		A1B415189EDD5058FE3E3E8B /* Frameworks */ = {
			isa = PBXGroup;
			children = (
				438D10C871B6A59FF68C700D /* iOS */,
			);
			name = Frameworks;
			sourceTree = "<group>";
		};
		DA76EAFB01F43374CD788D5D /* Interval */ = {
			isa = PBXGroup;
			children = (
				ED62C8326C9C2D3FBACC5E31 /* AppStore.swift */,
				121B3E3E2746C28D23F64FDE /* AudioCueService.swift */,
				59FD7745843DB334F20E2BE1 /* DurationPickerView.swift */,
				02BE12E1424BE1867543C7F9 /* HistoryView.swift */,
				8A30657AEDF63B89D69FFE0D /* IntervalApp.swift */,
				2B4581C6C49258813CCE3400 /* Models.swift */,
				D29560905729C88A3134D9AB /* RootView.swift */,
				C8908618CE9AF5E0A890E7CE /* SettingsView.swift */,
				DAC60689F0A3A3C580E11721 /* WorkoutActivityAttributes.swift */,
				5193C9FC326008F29D5ABC8B /* WorkoutEngine.swift */,
				01AC5C21557C833B5B8F1548 /* WorkoutLiveActivityContent.swift */,
				BDA2F5993CBEC9DA10517707 /* WorkoutLiveActivityService.swift */,
				CD491574B2288AD8BEBA813A /* WorkoutSetupView.swift */,
				8C8FA18221368599677B8C6A /* WorkoutView.swift */,
				2858E1CE28AEDB191EEE000C /* Assets.xcassets */,
				6DEE54DEA50F926454736D4A /* PrivacyInfo.xcprivacy */,
				619A7EEDD3583996FA55993E /* blop.wav */,
				6D7842B9C989EB1ED092CEF4 /* complete-signal.wav */,
				3BBE6FE85D9C574FDED5768F /* rest-end-signal.wav */,
				728ACB6D2377CAA8D4747B0A /* silence.wav */,
				8B588865539E0941719E90E0 /* start-signal.wav */,
				AA9C79E134C0249E4D3E6F3E /* work-end-signal.wav */,
			);
			name = Interval;
			path = Interval;
			sourceTree = "<group>";
		};
/* End PBXGroup section */

/* Begin PBXNativeTarget section */
		96DA1D42D7DA125C227CAB5C /* IntervalTests */ = {
			isa = PBXNativeTarget;
			buildConfigurationList = 31BF84F30D600A01F501875F /* Build configuration list for PBXNativeTarget "IntervalTests" */;
			buildPhases = (
				7FFA43860CF68FAC2E8402DD /* Sources */,
				E7B0C00338FDA3D6CF3D7F1D /* Frameworks */,
				B8BFE00B55166308C4DB1C0D /* Resources */,
			);
			buildRules = (
			);
			dependencies = (
				68DB214BCD2027ACCD39C6FF /* PBXTargetDependency */,
			);
			name = IntervalTests;
			productName = IntervalTests;
			productReference = 8A266A91DFFB43FDA6D5CCED /* IntervalTests.xctest */;
			productType = "com.apple.product-type.bundle.unit-test";
		};
		B1631808C28F495CE207FC7A /* IntervalWidgets */ = {
			isa = PBXNativeTarget;
			buildConfigurationList = 88C8673040BEC0B93F56265F /* Build configuration list for PBXNativeTarget "IntervalWidgets" */;
			buildPhases = (
				B5728F02C4BDC248479A4462 /* Sources */,
				DB2A7CAA00DDEDD7521BF6B6 /* Frameworks */,
				2D82141614C2B804263E1E3C /* Resources */,
			);
			buildRules = (
			);
			dependencies = (
			);
			name = IntervalWidgets;
			productName = IntervalWidgets;
			productReference = CB75E85685C591B67A25A2B0 /* IntervalWidgets.appex */;
			productType = "com.apple.product-type.app-extension";
		};
		BB92CADD525C7740C66FE66B /* Interval */ = {
			isa = PBXNativeTarget;
			buildConfigurationList = 61AF5A5F068729D12776CF32 /* Build configuration list for PBXNativeTarget "Interval" */;
			buildPhases = (
				B0FFB95B0897113FB4780728 /* Sources */,
				D2B36DF07EC1EB99C1CBBB5C /* Frameworks */,
				2E740A99317ED05F0CB24002 /* Resources */,
				4AB208D79502BA0248CE9D62 /* Embed App Extensions */,
			);
			buildRules = (
			);
			dependencies = (
				53CC0FBCD1DBD54A8C4F7F93 /* PBXTargetDependency */,
			);
			name = Interval;
			productName = Interval;
			productReference = 38D27E514521E1FDA52A2E80 /* Interval.app */;
			productType = "com.apple.product-type.application";
		};
/* End PBXNativeTarget section */

/* Begin PBXProject section */
		30784A42ED31091A5913CAEA /* Project object */ = {
			isa = PBXProject;
			attributes = {
				LastSwiftUpdateCheck = 2630;
				LastUpgradeCheck = 2630;
			};
			buildConfigurationList = BF799CA45EA46FFB69454C51 /* Build configuration list for PBXProject "Interval" */;
			compatibilityVersion = "Xcode 3.2";
			developmentRegion = en;
			hasScannedForEncodings = 0;
			knownRegions = (
				en,
				Base,
			);
			mainGroup = 340C67EE7390336F5BA4C522;
			minimizedProjectReferenceProxies = 0;
			preferredProjectObjectVersion = 77;
			productRefGroup = 9DA998C010510BF0567CBA22 /* Products */;
			projectDirPath = "";
			projectRoot = "";
			targets = (
				BB92CADD525C7740C66FE66B /* Interval */,
				96DA1D42D7DA125C227CAB5C /* IntervalTests */,
				B1631808C28F495CE207FC7A /* IntervalWidgets */,
			);
		};
/* End PBXProject section */

/* Begin PBXResourcesBuildPhase section */
		2D82141614C2B804263E1E3C /* Resources */ = {
			isa = PBXResourcesBuildPhase;
			buildActionMask = 2147483647;
			files = (
			);
			runOnlyForDeploymentPostprocessing = 0;
		};
		2E740A99317ED05F0CB24002 /* Resources */ = {
			isa = PBXResourcesBuildPhase;
			buildActionMask = 2147483647;
			files = (
				193394AA7F10DDC6CA07E162 /* Assets.xcassets in Resources */,
				71D3AFFC1999C1161DFB684D /* PrivacyInfo.xcprivacy in Resources */,
				34D11D1AF0F439022290E60A /* blop.wav in Resources */,
				606C2F5B04F05385F2BBE57F /* complete-signal.wav in Resources */,
				C8D185D048A62F3950DB1B68 /* rest-end-signal.wav in Resources */,
				52AEB6F7134DF72CCC6F6BAB /* silence.wav in Resources */,
				E5C011ED6ED27C1DA450837D /* start-signal.wav in Resources */,
				3748FF2688168EB16676496E /* work-end-signal.wav in Resources */,
			);
			runOnlyForDeploymentPostprocessing = 0;
		};
		B8BFE00B55166308C4DB1C0D /* Resources */ = {
			isa = PBXResourcesBuildPhase;
			buildActionMask = 2147483647;
			files = (
			);
			runOnlyForDeploymentPostprocessing = 0;
		};
/* End PBXResourcesBuildPhase section */

/* Begin PBXSourcesBuildPhase section */
		7FFA43860CF68FAC2E8402DD /* Sources */ = {
			isa = PBXSourcesBuildPhase;
			buildActionMask = 2147483647;
			files = (
				D3953D1CB20F41CB5DA3CA5D /* WorkoutTimelineTests.swift in Sources */,
			);
			runOnlyForDeploymentPostprocessing = 0;
		};
		B0FFB95B0897113FB4780728 /* Sources */ = {
			isa = PBXSourcesBuildPhase;
			buildActionMask = 2147483647;
			files = (
				856A7DA651365725CBDEC25D /* AppStore.swift in Sources */,
				885DE9A53284FF2D302F92FD /* AudioCueService.swift in Sources */,
				E3E669E1C94DBC0CAB6DDA7D /* DurationPickerView.swift in Sources */,
				B458333736F1E282626391E2 /* HistoryView.swift in Sources */,
				5CDFCC816F620C3BD8E11838 /* IntervalApp.swift in Sources */,
				51550166BC7AA9381294CA47 /* Models.swift in Sources */,
				25646500871D9A57D4F18FDD /* RootView.swift in Sources */,
				941E0AA59FA4C0494659D873 /* SettingsView.swift in Sources */,
				099827CE697A869CE2FE1219 /* WorkoutActivityAttributes.swift in Sources */,
				B319859D40C33ECC10EECC87 /* WorkoutEngine.swift in Sources */,
				9923C4951FCF809C23A78F35 /* WorkoutLiveActivityContent.swift in Sources */,
				971AB587AA7CFA71AD62E528 /* WorkoutLiveActivityService.swift in Sources */,
				6AD579293859A2D31F09D2BF /* WorkoutSetupView.swift in Sources */,
				A4F56219245EFB9148029EDA /* WorkoutView.swift in Sources */,
			);
			runOnlyForDeploymentPostprocessing = 0;
		};
		B5728F02C4BDC248479A4462 /* Sources */ = {
			isa = PBXSourcesBuildPhase;
			buildActionMask = 2147483647;
			files = (
				16C22DD77CC464BCE0D9B540 /* IntervalWidgetsBundle.swift in Sources */,
				907F16B99D55D8F3C0217E06 /* WorkoutLiveActivityWidget.swift in Sources */,
				EA1AF4A0023F7C353192F4F4 /* WorkoutActivityAttributes.swift in Sources */,
				A42C7852DF73303BA7328AB4 /* WorkoutLiveActivityContent.swift in Sources */,
			);
			runOnlyForDeploymentPostprocessing = 0;
		};
/* End PBXSourcesBuildPhase section */

/* Begin PBXTargetDependency section */
		53CC0FBCD1DBD54A8C4F7F93 /* PBXTargetDependency */ = {
			isa = PBXTargetDependency;
			name = IntervalWidgets;
			target = B1631808C28F495CE207FC7A /* IntervalWidgets */;
			targetProxy = 81501D0C0DF2B474866D61FA /* PBXContainerItemProxy */;
		};
		68DB214BCD2027ACCD39C6FF /* PBXTargetDependency */ = {
			isa = PBXTargetDependency;
			name = Interval;
			target = BB92CADD525C7740C66FE66B /* Interval */;
			targetProxy = E4EBF592EA84FF072F38EB77 /* PBXContainerItemProxy */;
		};
/* End PBXTargetDependency section */

/* Begin XCBuildConfiguration section */
		2ABCF054786F8A3E061D501E /* Debug */ = {
			isa = XCBuildConfiguration;
			buildSettings = {
				ALWAYS_SEARCH_USER_PATHS = NO;
				APP_BUNDLE_ID = com.bundsgaard.kyclaro;
				CLANG_ANALYZER_NONNULL = YES;
				CLANG_ANALYZER_NUMBER_OBJECT_CONVERSION = YES_AGGRESSIVE;
				CLANG_CXX_LANGUAGE_STANDARD = "gnu++14";
				CLANG_CXX_LIBRARY = "libc++";
				CLANG_ENABLE_MODULES = YES;
				CLANG_ENABLE_OBJC_ARC = YES;
				CLANG_ENABLE_OBJC_WEAK = YES;
				CLANG_WARN_BLOCK_CAPTURE_AUTORELEASING = YES;
				CLANG_WARN_BOOL_CONVERSION = YES;
				CLANG_WARN_COMMA = YES;
				CLANG_WARN_CONSTANT_CONVERSION = YES;
				CLANG_WARN_DEPRECATED_OBJC_IMPLEMENTATIONS = YES;
				CLANG_WARN_DIRECT_OBJC_ISA_USAGE = YES_ERROR;
				CLANG_WARN_DOCUMENTATION_COMMENTS = YES;
				CLANG_WARN_EMPTY_BODY = YES;
				CLANG_WARN_ENUM_CONVERSION = YES;
				CLANG_WARN_INFINITE_RECURSION = YES;
				CLANG_WARN_INT_CONVERSION = YES;
				CLANG_WARN_NON_LITERAL_NULL_CONVERSION = YES;
				CLANG_WARN_OBJC_IMPLICIT_RETAIN_SELF = YES;
				CLANG_WARN_OBJC_LITERAL_CONVERSION = YES;
				CLANG_WARN_OBJC_ROOT_CLASS = YES_ERROR;
				CLANG_WARN_QUOTED_INCLUDE_IN_FRAMEWORK_HEADER = YES;
				CLANG_WARN_RANGE_LOOP_ANALYSIS = YES;
				CLANG_WARN_STRICT_PROTOTYPES = YES;
				CLANG_WARN_SUSPICIOUS_MOVE = YES;
				CLANG_WARN_UNGUARDED_AVAILABILITY = YES_AGGRESSIVE;
				CLANG_WARN_UNREACHABLE_CODE = YES;
				CLANG_WARN__DUPLICATE_METHOD_MATCH = YES;
				COPY_PHASE_STRIP = NO;
				CURRENT_PROJECT_VERSION = 1;
				DEBUG_INFORMATION_FORMAT = dwarf;
				ENABLE_STRICT_OBJC_MSGSEND = YES;
				ENABLE_TESTABILITY = YES;
				GCC_C_LANGUAGE_STANDARD = gnu11;
				GCC_DYNAMIC_NO_PIC = NO;
				GCC_NO_COMMON_BLOCKS = YES;
				GCC_OPTIMIZATION_LEVEL = 0;
				GCC_PREPROCESSOR_DEFINITIONS = (
					"DEBUG=1",
					"$(inherited)",
				);
				GCC_WARN_64_TO_32_BIT_CONVERSION = YES;
				GCC_WARN_ABOUT_RETURN_TYPE = YES_ERROR;
				GCC_WARN_UNDECLARED_SELECTOR = YES;
				GCC_WARN_UNINITIALIZED_AUTOS = YES_AGGRESSIVE;
				GCC_WARN_UNUSED_FUNCTION = YES;
				GCC_WARN_UNUSED_VARIABLE = YES;
				MARKETING_VERSION = 1.0;
				MTL_ENABLE_DEBUG_INFO = INCLUDE_SOURCE;
				MTL_FAST_MATH = YES;
				ONLY_ACTIVE_ARCH = YES;
				PRODUCT_NAME = "$(TARGET_NAME)";
				SWIFT_ACTIVE_COMPILATION_CONDITIONS = DEBUG;
				SWIFT_OPTIMIZATION_LEVEL = "-Onone";
				SWIFT_VERSION = 5.0;
			};
			name = Debug;
		};
		2BB28714CCF76E8A9C21F93C /* Release */ = {
			isa = XCBuildConfiguration;
			buildSettings = {
				ALWAYS_SEARCH_USER_PATHS = NO;
				APP_BUNDLE_ID = com.bundsgaard.kyclaro;
				CLANG_ANALYZER_NONNULL = YES;
				CLANG_ANALYZER_NUMBER_OBJECT_CONVERSION = YES_AGGRESSIVE;
				CLANG_CXX_LANGUAGE_STANDARD = "gnu++14";
				CLANG_CXX_LIBRARY = "libc++";
				CLANG_ENABLE_MODULES = YES;
				CLANG_ENABLE_OBJC_ARC = YES;
				CLANG_ENABLE_OBJC_WEAK = YES;
				CLANG_WARN_BLOCK_CAPTURE_AUTORELEASING = YES;
				CLANG_WARN_BOOL_CONVERSION = YES;
				CLANG_WARN_COMMA = YES;
				CLANG_WARN_CONSTANT_CONVERSION = YES;
				CLANG_WARN_DEPRECATED_OBJC_IMPLEMENTATIONS = YES;
				CLANG_WARN_DIRECT_OBJC_ISA_USAGE = YES_ERROR;
				CLANG_WARN_DOCUMENTATION_COMMENTS = YES;
				CLANG_WARN_EMPTY_BODY = YES;
				CLANG_WARN_ENUM_CONVERSION = YES;
				CLANG_WARN_INFINITE_RECURSION = YES;
				CLANG_WARN_INT_CONVERSION = YES;
				CLANG_WARN_NON_LITERAL_NULL_CONVERSION = YES;
				CLANG_WARN_OBJC_IMPLICIT_RETAIN_SELF = YES;
				CLANG_WARN_OBJC_LITERAL_CONVERSION = YES;
				CLANG_WARN_OBJC_ROOT_CLASS = YES_ERROR;
				CLANG_WARN_QUOTED_INCLUDE_IN_FRAMEWORK_HEADER = YES;
				CLANG_WARN_RANGE_LOOP_ANALYSIS = YES;
				CLANG_WARN_STRICT_PROTOTYPES = YES;
				CLANG_WARN_SUSPICIOUS_MOVE = YES;
				CLANG_WARN_UNGUARDED_AVAILABILITY = YES_AGGRESSIVE;
				CLANG_WARN_UNREACHABLE_CODE = YES;
				CLANG_WARN__DUPLICATE_METHOD_MATCH = YES;
				COPY_PHASE_STRIP = NO;
				CURRENT_PROJECT_VERSION = 1;
				DEBUG_INFORMATION_FORMAT = "dwarf-with-dsym";
				ENABLE_NS_ASSERTIONS = NO;
				ENABLE_STRICT_OBJC_MSGSEND = YES;
				GCC_C_LANGUAGE_STANDARD = gnu11;
				GCC_NO_COMMON_BLOCKS = YES;
				GCC_WARN_64_TO_32_BIT_CONVERSION = YES;
				GCC_WARN_ABOUT_RETURN_TYPE = YES_ERROR;
				GCC_WARN_UNDECLARED_SELECTOR = YES;
				GCC_WARN_UNINITIALIZED_AUTOS = YES_AGGRESSIVE;
				GCC_WARN_UNUSED_FUNCTION = YES;
				GCC_WARN_UNUSED_VARIABLE = YES;
				MARKETING_VERSION = 1.0;
				MTL_ENABLE_DEBUG_INFO = NO;
				MTL_FAST_MATH = YES;
				PRODUCT_NAME = "$(TARGET_NAME)";
				SWIFT_COMPILATION_MODE = wholemodule;
				SWIFT_OPTIMIZATION_LEVEL = "-O";
				SWIFT_VERSION = 5.0;
			};
			name = Release;
		};
		38BDF1DD05625FFAE14607E1 /* Debug */ = {
			isa = XCBuildConfiguration;
			buildSettings = {
				ASSETCATALOG_COMPILER_APPICON_NAME = AppIcon;
				ASSETCATALOG_COMPILER_GLOBAL_ACCENT_COLOR_NAME = AccentColor;
				CLANG_ENABLE_OBJC_WEAK = NO;
				CODE_SIGN_STYLE = Automatic;
				DEVELOPMENT_TEAM = "";
				GENERATE_INFOPLIST_FILE = NO;
				INFOPLIST_FILE = Interval/Info.plist;
				IPHONEOS_DEPLOYMENT_TARGET = 17.0;
				LD_RUNPATH_SEARCH_PATHS = "$(inherited) @executable_path/Frameworks";
				PRODUCT_BUNDLE_IDENTIFIER = "$(APP_BUNDLE_ID)";
				SDKROOT = iphoneos;
				SWIFT_VERSION = 5.0;
				TARGETED_DEVICE_FAMILY = 1;
			};
			name = Debug;
		};
		B078421AA87D51F72C0AEE08 /* Release */ = {
			isa = XCBuildConfiguration;
			buildSettings = {
				BUNDLE_LOADER = "$(TEST_HOST)";
				CLANG_ENABLE_OBJC_WEAK = NO;
				CODE_SIGN_STYLE = Automatic;
				DEVELOPMENT_TEAM = "";
				GENERATE_INFOPLIST_FILE = YES;
				IPHONEOS_DEPLOYMENT_TARGET = 17.0;
				PRODUCT_BUNDLE_IDENTIFIER = "$(APP_BUNDLE_ID).tests";
				SDKROOT = iphoneos;
				SWIFT_VERSION = 5.0;
				TEST_HOST = "$(BUILT_PRODUCTS_DIR)/Interval.app/$(BUNDLE_EXECUTABLE_FOLDER_PATH)/Interval";
				VALIDATE_PRODUCT = YES;
			};
			name = Release;
		};
		C1FCB0EBC9F5154638F11F77 /* Release */ = {
			isa = XCBuildConfiguration;
			buildSettings = {
				ASSETCATALOG_COMPILER_APPICON_NAME = AppIcon;
				ASSETCATALOG_COMPILER_GLOBAL_ACCENT_COLOR_NAME = AccentColor;
				CLANG_ENABLE_OBJC_WEAK = NO;
				CODE_SIGN_STYLE = Automatic;
				DEVELOPMENT_TEAM = "";
				GENERATE_INFOPLIST_FILE = NO;
				INFOPLIST_FILE = Interval/Info.plist;
				IPHONEOS_DEPLOYMENT_TARGET = 17.0;
				LD_RUNPATH_SEARCH_PATHS = "$(inherited) @executable_path/Frameworks";
				PRODUCT_BUNDLE_IDENTIFIER = "$(APP_BUNDLE_ID)";
				SDKROOT = iphoneos;
				SWIFT_VERSION = 5.0;
				TARGETED_DEVICE_FAMILY = 1;
				VALIDATE_PRODUCT = YES;
			};
			name = Release;
		};
		C30591EECC8D4F82FF39C59E /* Release */ = {
			isa = XCBuildConfiguration;
			buildSettings = {
				APPLICATION_EXTENSION_API_ONLY = YES;
				CLANG_ENABLE_OBJC_WEAK = NO;
				CODE_SIGN_STYLE = Automatic;
				DEVELOPMENT_TEAM = "";
				GENERATE_INFOPLIST_FILE = NO;
				INFOPLIST_FILE = IntervalWidgets/Info.plist;
				IPHONEOS_DEPLOYMENT_TARGET = 17.0;
				PRODUCT_BUNDLE_IDENTIFIER = "$(APP_BUNDLE_ID).widgets";
				SDKROOT = iphoneos;
				SKIP_INSTALL = YES;
				SWIFT_VERSION = 5.0;
				TARGETED_DEVICE_FAMILY = 1;
				VALIDATE_PRODUCT = YES;
			};
			name = Release;
		};
		D6F6A72A7752369F0AA7B8CA /* Debug */ = {
			isa = XCBuildConfiguration;
			buildSettings = {
				BUNDLE_LOADER = "$(TEST_HOST)";
				CLANG_ENABLE_OBJC_WEAK = NO;
				CODE_SIGN_STYLE = Automatic;
				DEVELOPMENT_TEAM = "";
				GENERATE_INFOPLIST_FILE = YES;
				IPHONEOS_DEPLOYMENT_TARGET = 17.0;
				PRODUCT_BUNDLE_IDENTIFIER = "$(APP_BUNDLE_ID).tests";
				SDKROOT = iphoneos;
				SWIFT_VERSION = 5.0;
				TEST_HOST = "$(BUILT_PRODUCTS_DIR)/Interval.app/$(BUNDLE_EXECUTABLE_FOLDER_PATH)/Interval";
			};
			name = Debug;
		};
		F585CCBD2ED2E2D4ACE6C8AF /* Debug */ = {
			isa = XCBuildConfiguration;
			buildSettings = {
				APPLICATION_EXTENSION_API_ONLY = YES;
				CLANG_ENABLE_OBJC_WEAK = NO;
				CODE_SIGN_STYLE = Automatic;
				DEVELOPMENT_TEAM = "";
				GENERATE_INFOPLIST_FILE = NO;
				INFOPLIST_FILE = IntervalWidgets/Info.plist;
				IPHONEOS_DEPLOYMENT_TARGET = 17.0;
				PRODUCT_BUNDLE_IDENTIFIER = "$(APP_BUNDLE_ID).widgets";
				SDKROOT = iphoneos;
				SKIP_INSTALL = YES;
				SWIFT_VERSION = 5.0;
				TARGETED_DEVICE_FAMILY = 1;
			};
			name = Debug;
		};
/* End XCBuildConfiguration section */

/* Begin XCConfigurationList section */
		31BF84F30D600A01F501875F /* Build configuration list for PBXNativeTarget "IntervalTests" */ = {
			isa = XCConfigurationList;
			buildConfigurations = (
				B078421AA87D51F72C0AEE08 /* Release */,
				D6F6A72A7752369F0AA7B8CA /* Debug */,
			);
			defaultConfigurationIsVisible = 0;
			defaultConfigurationName = Release;
		};
		61AF5A5F068729D12776CF32 /* Build configuration list for PBXNativeTarget "Interval" */ = {
			isa = XCConfigurationList;
			buildConfigurations = (
				C1FCB0EBC9F5154638F11F77 /* Release */,
				38BDF1DD05625FFAE14607E1 /* Debug */,
			);
			defaultConfigurationIsVisible = 0;
			defaultConfigurationName = Release;
		};
		88C8673040BEC0B93F56265F /* Build configuration list for PBXNativeTarget "IntervalWidgets" */ = {
			isa = XCConfigurationList;
			buildConfigurations = (
				C30591EECC8D4F82FF39C59E /* Release */,
				F585CCBD2ED2E2D4ACE6C8AF /* Debug */,
			);
			defaultConfigurationIsVisible = 0;
			defaultConfigurationName = Release;
		};
		BF799CA45EA46FFB69454C51 /* Build configuration list for PBXProject "Interval" */ = {
			isa = XCConfigurationList;
			buildConfigurations = (
				2ABCF054786F8A3E061D501E /* Debug */,
				2BB28714CCF76E8A9C21F93C /* Release */,
			);
			defaultConfigurationIsVisible = 0;
			defaultConfigurationName = Release;
		};
/* End XCConfigurationList section */
	};
	rootObject = 30784A42ED31091A5913CAEA /* Project object */;
}
