// !$*UTF8*$!
{
	archiveVersion = 1;
	classes = {
	};
	objectVersion = 46;
	objects = {

/* Begin PBXBuildFile section */
		019DEF6330604DFA130485C9 /* SettingsView.swift in Sources */ = {isa = PBXBuildFile; fileRef = 0CA2C24FC49C61DB56DC3D52 /* SettingsView.swift */; };
		05E99B4C54DC550E52EA9594 /* RootView.swift in Sources */ = {isa = PBXBuildFile; fileRef = 56A6BE72B0B321F27FEDCAA3 /* RootView.swift */; };
		092A45F6F268A5C2D64BC50F /* Foundation.framework in Frameworks */ = {isa = PBXBuildFile; fileRef = 9ADAD3345F430E561588014B /* Foundation.framework */; };
		0C965EE1AD1DF6B1C4AC7704 /* WorkoutActivityAttributes.swift in Sources */ = {isa = PBXBuildFile; fileRef = 05389B477DF7E44939DB8C40 /* WorkoutActivityAttributes.swift */; };
		1212B1BA8BD66709FC24AEAE /* HistoryView.swift in Sources */ = {isa = PBXBuildFile; fileRef = 639B400A3C926C5C22C8D217 /* HistoryView.swift */; };
		170FABBFA6FB9765D730079F /* AudioCueService.swift in Sources */ = {isa = PBXBuildFile; fileRef = 6F6DE4B981ED8341A241F25F /* AudioCueService.swift */; };
		1FF9675F65ED838BDECC6C22 /* IntervalWidgets.appex in Embed App Extensions */ = {isa = PBXBuildFile; fileRef = 1F58EB2D0B7BCADE7F29CC33 /* IntervalWidgets.appex */; };
		276C07E6867F437F8CFFB72E /* rest-end-signal.wav in Resources */ = {isa = PBXBuildFile; fileRef = 2A3D05CFEE227CC6480798E5 /* rest-end-signal.wav */; };
		2E646CEF92FC6F3CA7E2A55C /* DurationPickerView.swift in Sources */ = {isa = PBXBuildFile; fileRef = 95947A011399FB8C01063836 /* DurationPickerView.swift */; };
		385647BBEFB53F55C7C1BD50 /* AppStore.swift in Sources */ = {isa = PBXBuildFile; fileRef = BB8C75B2376601A31E392664 /* AppStore.swift */; };
		45D3A382D1378DDF72458436 /* SpokenCueTests.swift in Sources */ = {isa = PBXBuildFile; fileRef = 18FE794F4F903C0A758AFA8C /* SpokenCueTests.swift */; };
		4B03B7D5BAAFF3A0501BC01A /* WorkoutEngine.swift in Sources */ = {isa = PBXBuildFile; fileRef = A4181C8BDFEA24B0E28702C7 /* WorkoutEngine.swift */; };
		53B16F0AEB36B21F2D9EB701 /* StartWorkoutIntentTests.swift in Sources */ = {isa = PBXBuildFile; fileRef = 6A9153015BDCCD78E8EC96BC /* StartWorkoutIntentTests.swift */; };
		59ED0D14FA83798969182E04 /* Foundation.framework in Frameworks */ = {isa = PBXBuildFile; fileRef = 9ADAD3345F430E561588014B /* Foundation.framework */; };
		63D29AE9D15B67CBA088EC4A /* WorkoutLiveActivityWidget.swift in Sources */ = {isa = PBXBuildFile; fileRef = 2CB760FD801CEBDAE39C73AF /* WorkoutLiveActivityWidget.swift */; };
		6D8741257E9BBCFB5B9A6027 /* silence.wav in Resources */ = {isa = PBXBuildFile; fileRef = 86E1F367C36F65669047226E /* silence.wav */; };
		712BA6C9E106DF6138F595F6 /* Localizable.xcstrings in Resources */ = {isa = PBXBuildFile; fileRef = 6462C8237672745E42D9B665 /* Localizable.xcstrings */; };
		796DB35FFC69CF167AB19FC9 /* Models.swift in Sources */ = {isa = PBXBuildFile; fileRef = 6F911F08112843DDB496B9C2 /* Models.swift */; };
		85BE8E228D972C2C72708956 /* Localizable.xcstrings in Resources */ = {isa = PBXBuildFile; fileRef = 0643BFD8AE60CFD5C6B363DE /* Localizable.xcstrings */; };
		883C55EC4C4142570CBD30B0 /* Assets.xcassets in Resources */ = {isa = PBXBuildFile; fileRef = AB2A80983A65DC53BFC5CCD8 /* Assets.xcassets */; };
		8F0E7FF783DC1847D159699C /* PrivacyInfo.xcprivacy in Resources */ = {isa = PBXBuildFile; fileRef = EB20EFDA6786AFC20D607EB3 /* PrivacyInfo.xcprivacy */; };
		937DE9010DC274461905415A /* IntervalWidgetsBundle.swift in Sources */ = {isa = PBXBuildFile; fileRef = 44C67E4F460D924051B052AC /* IntervalWidgetsBundle.swift */; };
		9574575337B4D9C2A12BC54D /* IntervalApp.swift in Sources */ = {isa = PBXBuildFile; fileRef = 1F770828E0E46CC71442F152 /* IntervalApp.swift */; };
		9C8182FB631892DE520942AA /* SpokenCue.swift in Sources */ = {isa = PBXBuildFile; fileRef = EED305F3107218B916E91323 /* SpokenCue.swift */; };
		A39C206948C8571405E43AB9 /* WorkoutLiveActivityService.swift in Sources */ = {isa = PBXBuildFile; fileRef = 06C6944C7975C7D7E37E0A63 /* WorkoutLiveActivityService.swift */; };
		B36A2EE1549BCA13E3FB1964 /* start-signal.wav in Resources */ = {isa = PBXBuildFile; fileRef = DEBAB3D1608D638C1402A553 /* start-signal.wav */; };
		BC28EDB085399FA5C27AF0E0 /* WorkoutActivityAttributes.swift in Sources */ = {isa = PBXBuildFile; fileRef = EF71DF88385209B9DBE1D5CC /* WorkoutActivityAttributes.swift */; };
		BF30ED33D726A2178CADA5D1 /* StartWorkoutIntent.swift in Sources */ = {isa = PBXBuildFile; fileRef = 15B71FD4749B08B1599A3D4F /* StartWorkoutIntent.swift */; };
		C3B9776F4703DBE0856A28F4 /* SpeechCueService.swift in Sources */ = {isa = PBXBuildFile; fileRef = 8E43519C16365BFC1D854F78 /* SpeechCueService.swift */; };
		CA1F2BC254DCDB5638791031 /* complete-signal.wav in Resources */ = {isa = PBXBuildFile; fileRef = A297E0FC4BA8480D355B7245 /* complete-signal.wav */; };
		CD7208BBBBEB579FB1026827 /* WorkoutView.swift in Sources */ = {isa = PBXBuildFile; fileRef = C4A78F446BA074F3F1601E88 /* WorkoutView.swift */; };
		D05F3186AB08DDD179A31B8F /* WorkoutLiveActivityContent.swift in Sources */ = {isa = PBXBuildFile; fileRef = 986F0B6F45E1B678B7568182 /* WorkoutLiveActivityContent.swift */; };
		D183649AD7364C9E02D5328D /* AppShortcuts.xcstrings in Resources */ = {isa = PBXBuildFile; fileRef = AB71DB408848B637EFA41727 /* AppShortcuts.xcstrings */; };
		D45D53EFC1A9364BDA5DD80E /* work-end-signal.wav in Resources */ = {isa = PBXBuildFile; fileRef = 7B7F79829EB2F9A189BA0B1C /* work-end-signal.wav */; };
		D8317A5906C5307D23B58C5E /* blop.wav in Resources */ = {isa = PBXBuildFile; fileRef = 160A11DE605834A80D134551 /* blop.wav */; };
		DFE864B18AAE55D571C989FD /* WorkoutSetupView.swift in Sources */ = {isa = PBXBuildFile; fileRef = FD56656A0626399303E8B795 /* WorkoutSetupView.swift */; };
		F01D41440ADCE8479F346BC1 /* WorkoutTimelineTests.swift in Sources */ = {isa = PBXBuildFile; fileRef = 7AFA6E73B584668E1819A7AB /* WorkoutTimelineTests.swift */; };
		FA1DE7225C18CD92222010B6 /* Foundation.framework in Frameworks */ = {isa = PBXBuildFile; fileRef = 9ADAD3345F430E561588014B /* Foundation.framework */; };
		FA5A2B9F777352E8C2388696 /* WorkoutLiveActivityContent.swift in Sources */ = {isa = PBXBuildFile; fileRef = 9F0BA698BEAE50F3836095DD /* WorkoutLiveActivityContent.swift */; };
/* End PBXBuildFile section */

/* Begin PBXContainerItemProxy section */
		1D4FD10777C888D6E9E09298 /* PBXContainerItemProxy */ = {
			isa = PBXContainerItemProxy;
			containerPortal = 600AE11FCC5FC9F3C12BEE29 /* Project object */;
			proxyType = 1;
			remoteGlobalIDString = 8112D979B8EC690AD992BCCC;
			remoteInfo = IntervalWidgets;
		};
		6BAC94E11C9071C5484A8235 /* PBXContainerItemProxy */ = {
			isa = PBXContainerItemProxy;
			containerPortal = 600AE11FCC5FC9F3C12BEE29 /* Project object */;
			proxyType = 1;
			remoteGlobalIDString = 41312CFF5AEF010480EE8358;
			remoteInfo = Interval;
		};
/* End PBXContainerItemProxy section */

/* Begin PBXCopyFilesBuildPhase section */
		ED0060C6A3FB9721C6268188 /* Embed App Extensions */ = {
			isa = PBXCopyFilesBuildPhase;
			buildActionMask = 2147483647;
			dstPath = "";
			dstSubfolderSpec = 13;
			files = (
				1FF9675F65ED838BDECC6C22 /* IntervalWidgets.appex in Embed App Extensions */,
			);
			name = "Embed App Extensions";
			runOnlyForDeploymentPostprocessing = 0;
		};
/* End PBXCopyFilesBuildPhase section */

/* Begin PBXFileReference section */
		05389B477DF7E44939DB8C40 /* WorkoutActivityAttributes.swift */ = {isa = PBXFileReference; includeInIndex = 1; lastKnownFileType = sourcecode.swift; name = WorkoutActivityAttributes.swift; path = ../Interval/WorkoutActivityAttributes.swift; sourceTree = "<group>"; };
		0643BFD8AE60CFD5C6B363DE /* Localizable.xcstrings */ = {isa = PBXFileReference; includeInIndex = 1; path = Localizable.xcstrings; sourceTree = "<group>"; };
		06C6944C7975C7D7E37E0A63 /* WorkoutLiveActivityService.swift */ = {isa = PBXFileReference; includeInIndex = 1; lastKnownFileType = sourcecode.swift; path = WorkoutLiveActivityService.swift; sourceTree = "<group>"; };
		0CA2C24FC49C61DB56DC3D52 /* SettingsView.swift */ = {isa = PBXFileReference; includeInIndex = 1; lastKnownFileType = sourcecode.swift; path = SettingsView.swift; sourceTree = "<group>"; };
		15B71FD4749B08B1599A3D4F /* StartWorkoutIntent.swift */ = {isa = PBXFileReference; includeInIndex = 1; lastKnownFileType = sourcecode.swift; path = StartWorkoutIntent.swift; sourceTree = "<group>"; };
		160A11DE605834A80D134551 /* blop.wav */ = {isa = PBXFileReference; includeInIndex = 1; name = blop.wav; path = Sounds/blop.wav; sourceTree = "<group>"; };
		18FE794F4F903C0A758AFA8C /* SpokenCueTests.swift */ = {isa = PBXFileReference; includeInIndex = 1; lastKnownFileType = sourcecode.swift; path = SpokenCueTests.swift; sourceTree = "<group>"; };
		1F58EB2D0B7BCADE7F29CC33 /* IntervalWidgets.appex */ = {isa = PBXFileReference; explicitFileType = "wrapper.app-extension"; includeInIndex = 0; path = IntervalWidgets.appex; sourceTree = BUILT_PRODUCTS_DIR; };
		1F770828E0E46CC71442F152 /* IntervalApp.swift */ = {isa = PBXFileReference; includeInIndex = 1; lastKnownFileType = sourcecode.swift; path = IntervalApp.swift; sourceTree = "<group>"; };
		2A3D05CFEE227CC6480798E5 /* rest-end-signal.wav */ = {isa = PBXFileReference; includeInIndex = 1; name = "rest-end-signal.wav"; path = "Sounds/rest-end-signal.wav"; sourceTree = "<group>"; };
		2CB760FD801CEBDAE39C73AF /* WorkoutLiveActivityWidget.swift */ = {isa = PBXFileReference; includeInIndex = 1; lastKnownFileType = sourcecode.swift; path = WorkoutLiveActivityWidget.swift; sourceTree = "<group>"; };
		31650B079B9D175C4CC489C7 /* Interval.app */ = {isa = PBXFileReference; explicitFileType = wrapper.application; includeInIndex = 0; path = Interval.app; sourceTree = BUILT_PRODUCTS_DIR; };
		44C67E4F460D924051B052AC /* IntervalWidgetsBundle.swift */ = {isa = PBXFileReference; includeInIndex = 1; lastKnownFileType = sourcecode.swift; path = IntervalWidgetsBundle.swift; sourceTree = "<group>"; };
		56A6BE72B0B321F27FEDCAA3 /* RootView.swift */ = {isa = PBXFileReference; includeInIndex = 1; lastKnownFileType = sourcecode.swift; path = RootView.swift; sourceTree = "<group>"; };
		639B400A3C926C5C22C8D217 /* HistoryView.swift */ = {isa = PBXFileReference; includeInIndex = 1; lastKnownFileType = sourcecode.swift; path = HistoryView.swift; sourceTree = "<group>"; };
		6462C8237672745E42D9B665 /* Localizable.xcstrings */ = {isa = PBXFileReference; includeInIndex = 1; name = Localizable.xcstrings; path = ../Interval/Localizable.xcstrings; sourceTree = "<group>"; };
		6A9153015BDCCD78E8EC96BC /* StartWorkoutIntentTests.swift */ = {isa = PBXFileReference; includeInIndex = 1; lastKnownFileType = sourcecode.swift; path = StartWorkoutIntentTests.swift; sourceTree = "<group>"; };
		6F6DE4B981ED8341A241F25F /* AudioCueService.swift */ = {isa = PBXFileReference; includeInIndex = 1; lastKnownFileType = sourcecode.swift; path = AudioCueService.swift; sourceTree = "<group>"; };
		6F911F08112843DDB496B9C2 /* Models.swift */ = {isa = PBXFileReference; includeInIndex = 1; lastKnownFileType = sourcecode.swift; path = Models.swift; sourceTree = "<group>"; };
		7AFA6E73B584668E1819A7AB /* WorkoutTimelineTests.swift */ = {isa = PBXFileReference; includeInIndex = 1; lastKnownFileType = sourcecode.swift; path = WorkoutTimelineTests.swift; sourceTree = "<group>"; };
		7B7F79829EB2F9A189BA0B1C /* work-end-signal.wav */ = {isa = PBXFileReference; includeInIndex = 1; name = "work-end-signal.wav"; path = "Sounds/work-end-signal.wav"; sourceTree = "<group>"; };
		86E1F367C36F65669047226E /* silence.wav */ = {isa = PBXFileReference; includeInIndex = 1; name = silence.wav; path = Sounds/silence.wav; sourceTree = "<group>"; };
		8E43519C16365BFC1D854F78 /* SpeechCueService.swift */ = {isa = PBXFileReference; includeInIndex = 1; lastKnownFileType = sourcecode.swift; path = SpeechCueService.swift; sourceTree = "<group>"; };
		95947A011399FB8C01063836 /* DurationPickerView.swift */ = {isa = PBXFileReference; includeInIndex = 1; lastKnownFileType = sourcecode.swift; path = DurationPickerView.swift; sourceTree = "<group>"; };
		986F0B6F45E1B678B7568182 /* WorkoutLiveActivityContent.swift */ = {isa = PBXFileReference; includeInIndex = 1; lastKnownFileType = sourcecode.swift; path = WorkoutLiveActivityContent.swift; sourceTree = "<group>"; };
		9ADAD3345F430E561588014B /* Foundation.framework */ = {isa = PBXFileReference; lastKnownFileType = wrapper.framework; name = Foundation.framework; path = Platforms/iPhoneOS.platform/Developer/SDKs/iPhoneOS18.0.sdk/System/Library/Frameworks/Foundation.framework; sourceTree = DEVELOPER_DIR; };
		9F0BA698BEAE50F3836095DD /* WorkoutLiveActivityContent.swift */ = {isa = PBXFileReference; includeInIndex = 1; lastKnownFileType = sourcecode.swift; name = WorkoutLiveActivityContent.swift; path = ../Interval/WorkoutLiveActivityContent.swift; sourceTree = "<group>"; };
		A297E0FC4BA8480D355B7245 /* complete-signal.wav */ = {isa = PBXFileReference; includeInIndex = 1; name = "complete-signal.wav"; path = "Sounds/complete-signal.wav"; sourceTree = "<group>"; };
		A4181C8BDFEA24B0E28702C7 /* WorkoutEngine.swift */ = {isa = PBXFileReference; includeInIndex = 1; lastKnownFileType = sourcecode.swift; path = WorkoutEngine.swift; sourceTree = "<group>"; };
		AB2A80983A65DC53BFC5CCD8 /* Assets.xcassets */ = {isa = PBXFileReference; includeInIndex = 1; lastKnownFileType = folder.assetcatalog; path = Assets.xcassets; sourceTree = "<group>"; };
		AB71DB408848B637EFA41727 /* AppShortcuts.xcstrings */ = {isa = PBXFileReference; includeInIndex = 1; path = AppShortcuts.xcstrings; sourceTree = "<group>"; };
		BB8C75B2376601A31E392664 /* AppStore.swift */ = {isa = PBXFileReference; includeInIndex = 1; lastKnownFileType = sourcecode.swift; path = AppStore.swift; sourceTree = "<group>"; };
		C4A78F446BA074F3F1601E88 /* WorkoutView.swift */ = {isa = PBXFileReference; includeInIndex = 1; lastKnownFileType = sourcecode.swift; path = WorkoutView.swift; sourceTree = "<group>"; };
		C69CB30280246F64DEC680B0 /* IntervalTests.xctest */ = {isa = PBXFileReference; explicitFileType = wrapper.cfbundle; includeInIndex = 0; path = IntervalTests.xctest; sourceTree = BUILT_PRODUCTS_DIR; };
		DEBAB3D1608D638C1402A553 /* start-signal.wav */ = {isa = PBXFileReference; includeInIndex = 1; name = "start-signal.wav"; path = "Sounds/start-signal.wav"; sourceTree = "<group>"; };
		EB20EFDA6786AFC20D607EB3 /* PrivacyInfo.xcprivacy */ = {isa = PBXFileReference; includeInIndex = 1; path = PrivacyInfo.xcprivacy; sourceTree = "<group>"; };
		EED305F3107218B916E91323 /* SpokenCue.swift */ = {isa = PBXFileReference; includeInIndex = 1; lastKnownFileType = sourcecode.swift; path = SpokenCue.swift; sourceTree = "<group>"; };
		EF71DF88385209B9DBE1D5CC /* WorkoutActivityAttributes.swift */ = {isa = PBXFileReference; includeInIndex = 1; lastKnownFileType = sourcecode.swift; path = WorkoutActivityAttributes.swift; sourceTree = "<group>"; };
		FD56656A0626399303E8B795 /* WorkoutSetupView.swift */ = {isa = PBXFileReference; includeInIndex = 1; lastKnownFileType = sourcecode.swift; path = WorkoutSetupView.swift; sourceTree = "<group>"; };
/* End PBXFileReference section */

/* Begin PBXFrameworksBuildPhase section */
		163CDBBD27484FCAF1EB3034 /* Frameworks */ = {
			isa = PBXFrameworksBuildPhase;
			buildActionMask = 2147483647;
			files = (
				59ED0D14FA83798969182E04 /* Foundation.framework in Frameworks */,
			);
			runOnlyForDeploymentPostprocessing = 0;
		};
		C66F5F3E15874FC1DE3142F4 /* Frameworks */ = {
			isa = PBXFrameworksBuildPhase;
			buildActionMask = 2147483647;
			files = (
				092A45F6F268A5C2D64BC50F /* Foundation.framework in Frameworks */,
			);
			runOnlyForDeploymentPostprocessing = 0;
		};
		D9879270ED02BEE36A28E89F /* Frameworks */ = {
			isa = PBXFrameworksBuildPhase;
			buildActionMask = 2147483647;
			files = (
				FA1DE7225C18CD92222010B6 /* Foundation.framework in Frameworks */,
			);
			runOnlyForDeploymentPostprocessing = 0;
		};
/* End PBXFrameworksBuildPhase section */

/* Begin PBXGroup section */
		6F0C54778324E91885267E70 = {
			isa = PBXGroup;
			children = (
				951AB0539B2E0AFAB9788DB0 /* Products */,
				AB8F703BD953BFF51313931C /* Frameworks */,
				C0AAEDC8935362A70D351FDF /* Interval */,
				C710DFE425AB925B8C4550AA /* IntervalTests */,
				C7B1B9324F44940A03DE9CBA /* IntervalWidgets */,
			);
			sourceTree = "<group>";
		};
		951AB0539B2E0AFAB9788DB0 /* Products */ = {
			isa = PBXGroup;
			children = (
				31650B079B9D175C4CC489C7 /* Interval.app */,
				C69CB30280246F64DEC680B0 /* IntervalTests.xctest */,
				1F58EB2D0B7BCADE7F29CC33 /* IntervalWidgets.appex */,
			);
			name = Products;
			sourceTree = "<group>";
		};
		AB8F703BD953BFF51313931C /* Frameworks */ = {
			isa = PBXGroup;
			children = (
				B7CB4B04C54B6111817EC321 /* iOS */,
			);
			name = Frameworks;
			sourceTree = "<group>";
		};
		B7CB4B04C54B6111817EC321 /* iOS */ = {
			isa = PBXGroup;
			children = (
				9ADAD3345F430E561588014B /* Foundation.framework */,
			);
			name = iOS;
			sourceTree = "<group>";
		};
		C0AAEDC8935362A70D351FDF /* Interval */ = {
			isa = PBXGroup;
			children = (
				BB8C75B2376601A31E392664 /* AppStore.swift */,
				6F6DE4B981ED8341A241F25F /* AudioCueService.swift */,
				95947A011399FB8C01063836 /* DurationPickerView.swift */,
				639B400A3C926C5C22C8D217 /* HistoryView.swift */,
				1F770828E0E46CC71442F152 /* IntervalApp.swift */,
				6F911F08112843DDB496B9C2 /* Models.swift */,
				56A6BE72B0B321F27FEDCAA3 /* RootView.swift */,
				0CA2C24FC49C61DB56DC3D52 /* SettingsView.swift */,
				8E43519C16365BFC1D854F78 /* SpeechCueService.swift */,
				EED305F3107218B916E91323 /* SpokenCue.swift */,
				15B71FD4749B08B1599A3D4F /* StartWorkoutIntent.swift */,
				EF71DF88385209B9DBE1D5CC /* WorkoutActivityAttributes.swift */,
				A4181C8BDFEA24B0E28702C7 /* WorkoutEngine.swift */,
				986F0B6F45E1B678B7568182 /* WorkoutLiveActivityContent.swift */,
				06C6944C7975C7D7E37E0A63 /* WorkoutLiveActivityService.swift */,
				FD56656A0626399303E8B795 /* WorkoutSetupView.swift */,
				C4A78F446BA074F3F1601E88 /* WorkoutView.swift */,
				AB2A80983A65DC53BFC5CCD8 /* Assets.xcassets */,
				0643BFD8AE60CFD5C6B363DE /* Localizable.xcstrings */,
				AB71DB408848B637EFA41727 /* AppShortcuts.xcstrings */,
				EB20EFDA6786AFC20D607EB3 /* PrivacyInfo.xcprivacy */,
				160A11DE605834A80D134551 /* blop.wav */,
				A297E0FC4BA8480D355B7245 /* complete-signal.wav */,
				2A3D05CFEE227CC6480798E5 /* rest-end-signal.wav */,
				86E1F367C36F65669047226E /* silence.wav */,
				DEBAB3D1608D638C1402A553 /* start-signal.wav */,
				7B7F79829EB2F9A189BA0B1C /* work-end-signal.wav */,
			);
			name = Interval;
			path = Interval;
			sourceTree = "<group>";
		};
		C710DFE425AB925B8C4550AA /* IntervalTests */ = {
			isa = PBXGroup;
			children = (
				18FE794F4F903C0A758AFA8C /* SpokenCueTests.swift */,
				6A9153015BDCCD78E8EC96BC /* StartWorkoutIntentTests.swift */,
				7AFA6E73B584668E1819A7AB /* WorkoutTimelineTests.swift */,
			);
			name = IntervalTests;
			path = IntervalTests;
			sourceTree = "<group>";
		};
		C7B1B9324F44940A03DE9CBA /* IntervalWidgets */ = {
			isa = PBXGroup;
			children = (
				44C67E4F460D924051B052AC /* IntervalWidgetsBundle.swift */,
				2CB760FD801CEBDAE39C73AF /* WorkoutLiveActivityWidget.swift */,
				05389B477DF7E44939DB8C40 /* WorkoutActivityAttributes.swift */,
				9F0BA698BEAE50F3836095DD /* WorkoutLiveActivityContent.swift */,
				6462C8237672745E42D9B665 /* Localizable.xcstrings */,
			);
			name = IntervalWidgets;
			path = IntervalWidgets;
			sourceTree = "<group>";
		};
/* End PBXGroup section */

/* Begin PBXNativeTarget section */
		41312CFF5AEF010480EE8358 /* Interval */ = {
			isa = PBXNativeTarget;
			buildConfigurationList = 006B0810DB1A3579E65E843E /* Build configuration list for PBXNativeTarget "Interval" */;
			buildPhases = (
				A3A636DB6A4B51951B16F787 /* Sources */,
				163CDBBD27484FCAF1EB3034 /* Frameworks */,
				4F399C9D222EB843527E035D /* Resources */,
				ED0060C6A3FB9721C6268188 /* Embed App Extensions */,
			);
			buildRules = (
			);
			dependencies = (
				66E7ED2ED902E990A10C60BB /* PBXTargetDependency */,
			);
			name = Interval;
			productName = Interval;
			productReference = 31650B079B9D175C4CC489C7 /* Interval.app */;
			productType = "com.apple.product-type.application";
		};
		8112D979B8EC690AD992BCCC /* IntervalWidgets */ = {
			isa = PBXNativeTarget;
			buildConfigurationList = 1BD5121A506065EECA8B83F5 /* Build configuration list for PBXNativeTarget "IntervalWidgets" */;
			buildPhases = (
				E71A7582F66394BD24B99434 /* Sources */,
				C66F5F3E15874FC1DE3142F4 /* Frameworks */,
				87E75298F6B1B35FA4A7AA49 /* Resources */,
			);
			buildRules = (
			);
			dependencies = (
			);
			name = IntervalWidgets;
			productName = IntervalWidgets;
			productReference = 1F58EB2D0B7BCADE7F29CC33 /* IntervalWidgets.appex */;
			productType = "com.apple.product-type.app-extension";
		};
		8A6FA76A5922DDBB62BE71FC /* IntervalTests */ = {
			isa = PBXNativeTarget;
			buildConfigurationList = 9ADD2E248E3C8B05BBA0F978 /* Build configuration list for PBXNativeTarget "IntervalTests" */;
			buildPhases = (
				1C78DBE65D2CA61BACDAD585 /* Sources */,
				D9879270ED02BEE36A28E89F /* Frameworks */,
				E32C552D95877E565062B990 /* Resources */,
			);
			buildRules = (
			);
			dependencies = (
				2580DB5A6FA37CEF7D3E49F4 /* PBXTargetDependency */,
			);
			name = IntervalTests;
			productName = IntervalTests;
			productReference = C69CB30280246F64DEC680B0 /* IntervalTests.xctest */;
			productType = "com.apple.product-type.bundle.unit-test";
		};
/* End PBXNativeTarget section */

/* Begin PBXProject section */
		600AE11FCC5FC9F3C12BEE29 /* Project object */ = {
			isa = PBXProject;
			attributes = {
				LastSwiftUpdateCheck = 2630;
				LastUpgradeCheck = 2630;
			};
			buildConfigurationList = 1722AA568867EFCF25C9DF92 /* Build configuration list for PBXProject "Interval" */;
			compatibilityVersion = "Xcode 3.2";
			developmentRegion = en;
			hasScannedForEncodings = 0;
			knownRegions = (
				en,
				da,
				Base,
			);
			mainGroup = 6F0C54778324E91885267E70;
			minimizedProjectReferenceProxies = 0;
			preferredProjectObjectVersion = 77;
			productRefGroup = 951AB0539B2E0AFAB9788DB0 /* Products */;
			projectDirPath = "";
			projectRoot = "";
			targets = (
				41312CFF5AEF010480EE8358 /* Interval */,
				8A6FA76A5922DDBB62BE71FC /* IntervalTests */,
				8112D979B8EC690AD992BCCC /* IntervalWidgets */,
			);
		};
/* End PBXProject section */

/* Begin PBXResourcesBuildPhase section */
		4F399C9D222EB843527E035D /* Resources */ = {
			isa = PBXResourcesBuildPhase;
			buildActionMask = 2147483647;
			files = (
				883C55EC4C4142570CBD30B0 /* Assets.xcassets in Resources */,
				85BE8E228D972C2C72708956 /* Localizable.xcstrings in Resources */,
				D183649AD7364C9E02D5328D /* AppShortcuts.xcstrings in Resources */,
				8F0E7FF783DC1847D159699C /* PrivacyInfo.xcprivacy in Resources */,
				D8317A5906C5307D23B58C5E /* blop.wav in Resources */,
				CA1F2BC254DCDB5638791031 /* complete-signal.wav in Resources */,
				276C07E6867F437F8CFFB72E /* rest-end-signal.wav in Resources */,
				6D8741257E9BBCFB5B9A6027 /* silence.wav in Resources */,
				B36A2EE1549BCA13E3FB1964 /* start-signal.wav in Resources */,
				D45D53EFC1A9364BDA5DD80E /* work-end-signal.wav in Resources */,
			);
			runOnlyForDeploymentPostprocessing = 0;
		};
		87E75298F6B1B35FA4A7AA49 /* Resources */ = {
			isa = PBXResourcesBuildPhase;
			buildActionMask = 2147483647;
			files = (
				712BA6C9E106DF6138F595F6 /* Localizable.xcstrings in Resources */,
			);
			runOnlyForDeploymentPostprocessing = 0;
		};
		E32C552D95877E565062B990 /* Resources */ = {
			isa = PBXResourcesBuildPhase;
			buildActionMask = 2147483647;
			files = (
			);
			runOnlyForDeploymentPostprocessing = 0;
		};
/* End PBXResourcesBuildPhase section */

/* Begin PBXSourcesBuildPhase section */
		1C78DBE65D2CA61BACDAD585 /* Sources */ = {
			isa = PBXSourcesBuildPhase;
			buildActionMask = 2147483647;
			files = (
				45D3A382D1378DDF72458436 /* SpokenCueTests.swift in Sources */,
				53B16F0AEB36B21F2D9EB701 /* StartWorkoutIntentTests.swift in Sources */,
				F01D41440ADCE8479F346BC1 /* WorkoutTimelineTests.swift in Sources */,
			);
			runOnlyForDeploymentPostprocessing = 0;
		};
		A3A636DB6A4B51951B16F787 /* Sources */ = {
			isa = PBXSourcesBuildPhase;
			buildActionMask = 2147483647;
			files = (
				385647BBEFB53F55C7C1BD50 /* AppStore.swift in Sources */,
				170FABBFA6FB9765D730079F /* AudioCueService.swift in Sources */,
				2E646CEF92FC6F3CA7E2A55C /* DurationPickerView.swift in Sources */,
				1212B1BA8BD66709FC24AEAE /* HistoryView.swift in Sources */,
				9574575337B4D9C2A12BC54D /* IntervalApp.swift in Sources */,
				796DB35FFC69CF167AB19FC9 /* Models.swift in Sources */,
				05E99B4C54DC550E52EA9594 /* RootView.swift in Sources */,
				019DEF6330604DFA130485C9 /* SettingsView.swift in Sources */,
				C3B9776F4703DBE0856A28F4 /* SpeechCueService.swift in Sources */,
				9C8182FB631892DE520942AA /* SpokenCue.swift in Sources */,
				BF30ED33D726A2178CADA5D1 /* StartWorkoutIntent.swift in Sources */,
				BC28EDB085399FA5C27AF0E0 /* WorkoutActivityAttributes.swift in Sources */,
				4B03B7D5BAAFF3A0501BC01A /* WorkoutEngine.swift in Sources */,
				D05F3186AB08DDD179A31B8F /* WorkoutLiveActivityContent.swift in Sources */,
				A39C206948C8571405E43AB9 /* WorkoutLiveActivityService.swift in Sources */,
				DFE864B18AAE55D571C989FD /* WorkoutSetupView.swift in Sources */,
				CD7208BBBBEB579FB1026827 /* WorkoutView.swift in Sources */,
			);
			runOnlyForDeploymentPostprocessing = 0;
		};
		E71A7582F66394BD24B99434 /* Sources */ = {
			isa = PBXSourcesBuildPhase;
			buildActionMask = 2147483647;
			files = (
				937DE9010DC274461905415A /* IntervalWidgetsBundle.swift in Sources */,
				63D29AE9D15B67CBA088EC4A /* WorkoutLiveActivityWidget.swift in Sources */,
				0C965EE1AD1DF6B1C4AC7704 /* WorkoutActivityAttributes.swift in Sources */,
				FA5A2B9F777352E8C2388696 /* WorkoutLiveActivityContent.swift in Sources */,
			);
			runOnlyForDeploymentPostprocessing = 0;
		};
/* End PBXSourcesBuildPhase section */

/* Begin PBXTargetDependency section */
		2580DB5A6FA37CEF7D3E49F4 /* PBXTargetDependency */ = {
			isa = PBXTargetDependency;
			name = Interval;
			target = 41312CFF5AEF010480EE8358 /* Interval */;
			targetProxy = 6BAC94E11C9071C5484A8235 /* PBXContainerItemProxy */;
		};
		66E7ED2ED902E990A10C60BB /* PBXTargetDependency */ = {
			isa = PBXTargetDependency;
			name = IntervalWidgets;
			target = 8112D979B8EC690AD992BCCC /* IntervalWidgets */;
			targetProxy = 1D4FD10777C888D6E9E09298 /* PBXContainerItemProxy */;
		};
/* End PBXTargetDependency section */

/* Begin XCBuildConfiguration section */
		2041374D920BDEC0D6DBAFB7 /* Debug */ = {
			isa = XCBuildConfiguration;
			buildSettings = {
				ALWAYS_SEARCH_USER_PATHS = NO;
				APP_BUNDLE_ID = com.oliverkaersner.kyclaro;
				CLANG_ANALYZER_NONNULL = YES;
				CLANG_ANALYZER_NUMBER_OBJECT_CONVERSION = YES_AGGRESSIVE;
				CLANG_CXX_LANGUAGE_STANDARD = "gnu++14";
				CLANG_CXX_LIBRARY = "libc++";
				CLANG_ENABLE_MODULES = YES;
				CLANG_ENABLE_OBJC_ARC = YES;
				CLANG_ENABLE_OBJC_WEAK = YES;
				CLANG_WARN_BLOCK_CAPTURE_AUTORELEASING = YES;
				CLANG_WARN_BOOL_CONVERSION = YES;
				CLANG_WARN_COMMA = YES;
				CLANG_WARN_CONSTANT_CONVERSION = YES;
				CLANG_WARN_DEPRECATED_OBJC_IMPLEMENTATIONS = YES;
				CLANG_WARN_DIRECT_OBJC_ISA_USAGE = YES_ERROR;
				CLANG_WARN_DOCUMENTATION_COMMENTS = YES;
				CLANG_WARN_EMPTY_BODY = YES;
				CLANG_WARN_ENUM_CONVERSION = YES;
				CLANG_WARN_INFINITE_RECURSION = YES;
				CLANG_WARN_INT_CONVERSION = YES;
				CLANG_WARN_NON_LITERAL_NULL_CONVERSION = YES;
				CLANG_WARN_OBJC_IMPLICIT_RETAIN_SELF = YES;
				CLANG_WARN_OBJC_LITERAL_CONVERSION = YES;
				CLANG_WARN_OBJC_ROOT_CLASS = YES_ERROR;
				CLANG_WARN_QUOTED_INCLUDE_IN_FRAMEWORK_HEADER = YES;
				CLANG_WARN_RANGE_LOOP_ANALYSIS = YES;
				CLANG_WARN_STRICT_PROTOTYPES = YES;
				CLANG_WARN_SUSPICIOUS_MOVE = YES;
				CLANG_WARN_UNGUARDED_AVAILABILITY = YES_AGGRESSIVE;
				CLANG_WARN_UNREACHABLE_CODE = YES;
				CLANG_WARN__DUPLICATE_METHOD_MATCH = YES;
				COPY_PHASE_STRIP = NO;
				CURRENT_PROJECT_VERSION = 2;
				DEBUG_INFORMATION_FORMAT = dwarf;
				ENABLE_STRICT_OBJC_MSGSEND = YES;
				ENABLE_TESTABILITY = YES;
				GCC_C_LANGUAGE_STANDARD = gnu11;
				GCC_DYNAMIC_NO_PIC = NO;
				GCC_NO_COMMON_BLOCKS = YES;
				GCC_OPTIMIZATION_LEVEL = 0;
				GCC_PREPROCESSOR_DEFINITIONS = (
					"DEBUG=1",
					"$(inherited)",
				);
				GCC_WARN_64_TO_32_BIT_CONVERSION = YES;
				GCC_WARN_ABOUT_RETURN_TYPE = YES_ERROR;
				GCC_WARN_UNDECLARED_SELECTOR = YES;
				GCC_WARN_UNINITIALIZED_AUTOS = YES_AGGRESSIVE;
				GCC_WARN_UNUSED_FUNCTION = YES;
				GCC_WARN_UNUSED_VARIABLE = YES;
				MARKETING_VERSION = 1.0;
				MTL_ENABLE_DEBUG_INFO = INCLUDE_SOURCE;
				MTL_FAST_MATH = YES;
				ONLY_ACTIVE_ARCH = YES;
				PRODUCT_NAME = "$(TARGET_NAME)";
				SWIFT_ACTIVE_COMPILATION_CONDITIONS = DEBUG;
				SWIFT_OPTIMIZATION_LEVEL = "-Onone";
				SWIFT_VERSION = 5.0;
			};
			name = Debug;
		};
		4E622306FDDBF54491B0CEEC /* Debug */ = {
			isa = XCBuildConfiguration;
			buildSettings = {
				APPLICATION_EXTENSION_API_ONLY = YES;
				CLANG_ENABLE_OBJC_WEAK = NO;
				CODE_SIGN_STYLE = Automatic;
				DEVELOPMENT_TEAM = QT5WT5HVRX;
				GENERATE_INFOPLIST_FILE = NO;
				INFOPLIST_FILE = IntervalWidgets/Info.plist;
				IPHONEOS_DEPLOYMENT_TARGET = 17.0;
				PRODUCT_BUNDLE_IDENTIFIER = "$(APP_BUNDLE_ID).widgets";
				SDKROOT = iphoneos;
				SKIP_INSTALL = YES;
				SWIFT_VERSION = 5.0;
				TARGETED_DEVICE_FAMILY = 1;
			};
			name = Debug;
		};
		70739C578B85A6E14639DCEA /* Release */ = {
			isa = XCBuildConfiguration;
			buildSettings = {
				APPLICATION_EXTENSION_API_ONLY = YES;
				CLANG_ENABLE_OBJC_WEAK = NO;
				CODE_SIGN_STYLE = Automatic;
				DEVELOPMENT_TEAM = QT5WT5HVRX;
				GENERATE_INFOPLIST_FILE = NO;
				INFOPLIST_FILE = IntervalWidgets/Info.plist;
				IPHONEOS_DEPLOYMENT_TARGET = 17.0;
				PRODUCT_BUNDLE_IDENTIFIER = "$(APP_BUNDLE_ID).widgets";
				SDKROOT = iphoneos;
				SKIP_INSTALL = YES;
				SWIFT_VERSION = 5.0;
				TARGETED_DEVICE_FAMILY = 1;
				VALIDATE_PRODUCT = YES;
			};
			name = Release;
		};
		85625E4C7EE3BBF04D9E3560 /* Release */ = {
			isa = XCBuildConfiguration;
			buildSettings = {
				BUNDLE_LOADER = "$(TEST_HOST)";
				CLANG_ENABLE_OBJC_WEAK = NO;
				CODE_SIGN_STYLE = Automatic;
				DEVELOPMENT_TEAM = QT5WT5HVRX;
				GENERATE_INFOPLIST_FILE = YES;
				IPHONEOS_DEPLOYMENT_TARGET = 17.0;
				PRODUCT_BUNDLE_IDENTIFIER = "$(APP_BUNDLE_ID).tests";
				SDKROOT = iphoneos;
				SWIFT_VERSION = 5.0;
				TEST_HOST = "$(BUILT_PRODUCTS_DIR)/Interval.app/$(BUNDLE_EXECUTABLE_FOLDER_PATH)/Interval";
				VALIDATE_PRODUCT = YES;
			};
			name = Release;
		};
		8D0F7CB7DCE41A193AFE5DD8 /* Release */ = {
			isa = XCBuildConfiguration;
			buildSettings = {
				ASSETCATALOG_COMPILER_APPICON_NAME = AppIcon;
				ASSETCATALOG_COMPILER_GLOBAL_ACCENT_COLOR_NAME = AccentColor;
				CLANG_ENABLE_OBJC_WEAK = NO;
				CODE_SIGN_STYLE = Automatic;
				DEVELOPMENT_TEAM = QT5WT5HVRX;
				GENERATE_INFOPLIST_FILE = NO;
				INFOPLIST_FILE = Interval/Info.plist;
				IPHONEOS_DEPLOYMENT_TARGET = 17.0;
				LD_RUNPATH_SEARCH_PATHS = "$(inherited) @executable_path/Frameworks";
				PRODUCT_BUNDLE_IDENTIFIER = "$(APP_BUNDLE_ID)";
				SDKROOT = iphoneos;
				SWIFT_VERSION = 5.0;
				TARGETED_DEVICE_FAMILY = 1;
				VALIDATE_PRODUCT = YES;
			};
			name = Release;
		};
		9EDF1B3BB73B9F48F04F7EC0 /* Release */ = {
			isa = XCBuildConfiguration;
			buildSettings = {
				ALWAYS_SEARCH_USER_PATHS = NO;
				APP_BUNDLE_ID = com.oliverkaersner.kyclaro;
				CLANG_ANALYZER_NONNULL = YES;
				CLANG_ANALYZER_NUMBER_OBJECT_CONVERSION = YES_AGGRESSIVE;
				CLANG_CXX_LANGUAGE_STANDARD = "gnu++14";
				CLANG_CXX_LIBRARY = "libc++";
				CLANG_ENABLE_MODULES = YES;
				CLANG_ENABLE_OBJC_ARC = YES;
				CLANG_ENABLE_OBJC_WEAK = YES;
				CLANG_WARN_BLOCK_CAPTURE_AUTORELEASING = YES;
				CLANG_WARN_BOOL_CONVERSION = YES;
				CLANG_WARN_COMMA = YES;
				CLANG_WARN_CONSTANT_CONVERSION = YES;
				CLANG_WARN_DEPRECATED_OBJC_IMPLEMENTATIONS = YES;
				CLANG_WARN_DIRECT_OBJC_ISA_USAGE = YES_ERROR;
				CLANG_WARN_DOCUMENTATION_COMMENTS = YES;
				CLANG_WARN_EMPTY_BODY = YES;
				CLANG_WARN_ENUM_CONVERSION = YES;
				CLANG_WARN_INFINITE_RECURSION = YES;
				CLANG_WARN_INT_CONVERSION = YES;
				CLANG_WARN_NON_LITERAL_NULL_CONVERSION = YES;
				CLANG_WARN_OBJC_IMPLICIT_RETAIN_SELF = YES;
				CLANG_WARN_OBJC_LITERAL_CONVERSION = YES;
				CLANG_WARN_OBJC_ROOT_CLASS = YES_ERROR;
				CLANG_WARN_QUOTED_INCLUDE_IN_FRAMEWORK_HEADER = YES;
				CLANG_WARN_RANGE_LOOP_ANALYSIS = YES;
				CLANG_WARN_STRICT_PROTOTYPES = YES;
				CLANG_WARN_SUSPICIOUS_MOVE = YES;
				CLANG_WARN_UNGUARDED_AVAILABILITY = YES_AGGRESSIVE;
				CLANG_WARN_UNREACHABLE_CODE = YES;
				CLANG_WARN__DUPLICATE_METHOD_MATCH = YES;
				COPY_PHASE_STRIP = NO;
				CURRENT_PROJECT_VERSION = 2;
				DEBUG_INFORMATION_FORMAT = "dwarf-with-dsym";
				ENABLE_NS_ASSERTIONS = NO;
				ENABLE_STRICT_OBJC_MSGSEND = YES;
				GCC_C_LANGUAGE_STANDARD = gnu11;
				GCC_NO_COMMON_BLOCKS = YES;
				GCC_WARN_64_TO_32_BIT_CONVERSION = YES;
				GCC_WARN_ABOUT_RETURN_TYPE = YES_ERROR;
				GCC_WARN_UNDECLARED_SELECTOR = YES;
				GCC_WARN_UNINITIALIZED_AUTOS = YES_AGGRESSIVE;
				GCC_WARN_UNUSED_FUNCTION = YES;
				GCC_WARN_UNUSED_VARIABLE = YES;
				MARKETING_VERSION = 1.0;
				MTL_ENABLE_DEBUG_INFO = NO;
				MTL_FAST_MATH = YES;
				PRODUCT_NAME = "$(TARGET_NAME)";
				SWIFT_COMPILATION_MODE = wholemodule;
				SWIFT_OPTIMIZATION_LEVEL = "-O";
				SWIFT_VERSION = 5.0;
			};
			name = Release;
		};
		C303F878CAE2B4F65AEA5B02 /* Debug */ = {
			isa = XCBuildConfiguration;
			buildSettings = {
				ASSETCATALOG_COMPILER_APPICON_NAME = AppIcon;
				ASSETCATALOG_COMPILER_GLOBAL_ACCENT_COLOR_NAME = AccentColor;
				CLANG_ENABLE_OBJC_WEAK = NO;
				CODE_SIGN_STYLE = Automatic;
				DEVELOPMENT_TEAM = QT5WT5HVRX;
				GENERATE_INFOPLIST_FILE = NO;
				INFOPLIST_FILE = Interval/Info.plist;
				IPHONEOS_DEPLOYMENT_TARGET = 17.0;
				LD_RUNPATH_SEARCH_PATHS = "$(inherited) @executable_path/Frameworks";
				PRODUCT_BUNDLE_IDENTIFIER = "$(APP_BUNDLE_ID)";
				SDKROOT = iphoneos;
				SWIFT_VERSION = 5.0;
				TARGETED_DEVICE_FAMILY = 1;
			};
			name = Debug;
		};
		D2321A038C4A6E4A293FD1D3 /* Debug */ = {
			isa = XCBuildConfiguration;
			buildSettings = {
				BUNDLE_LOADER = "$(TEST_HOST)";
				CLANG_ENABLE_OBJC_WEAK = NO;
				CODE_SIGN_STYLE = Automatic;
				DEVELOPMENT_TEAM = QT5WT5HVRX;
				GENERATE_INFOPLIST_FILE = YES;
				IPHONEOS_DEPLOYMENT_TARGET = 17.0;
				PRODUCT_BUNDLE_IDENTIFIER = "$(APP_BUNDLE_ID).tests";
				SDKROOT = iphoneos;
				SWIFT_VERSION = 5.0;
				TEST_HOST = "$(BUILT_PRODUCTS_DIR)/Interval.app/$(BUNDLE_EXECUTABLE_FOLDER_PATH)/Interval";
			};
			name = Debug;
		};
/* End XCBuildConfiguration section */

/* Begin XCConfigurationList section */
		006B0810DB1A3579E65E843E /* Build configuration list for PBXNativeTarget "Interval" */ = {
			isa = XCConfigurationList;
			buildConfigurations = (
				8D0F7CB7DCE41A193AFE5DD8 /* Release */,
				C303F878CAE2B4F65AEA5B02 /* Debug */,
			);
			defaultConfigurationIsVisible = 0;
			defaultConfigurationName = Release;
		};
		1722AA568867EFCF25C9DF92 /* Build configuration list for PBXProject "Interval" */ = {
			isa = XCConfigurationList;
			buildConfigurations = (
				2041374D920BDEC0D6DBAFB7 /* Debug */,
				9EDF1B3BB73B9F48F04F7EC0 /* Release */,
			);
			defaultConfigurationIsVisible = 0;
			defaultConfigurationName = Release;
		};
		1BD5121A506065EECA8B83F5 /* Build configuration list for PBXNativeTarget "IntervalWidgets" */ = {
			isa = XCConfigurationList;
			buildConfigurations = (
				70739C578B85A6E14639DCEA /* Release */,
				4E622306FDDBF54491B0CEEC /* Debug */,
			);
			defaultConfigurationIsVisible = 0;
			defaultConfigurationName = Release;
		};
		9ADD2E248E3C8B05BBA0F978 /* Build configuration list for PBXNativeTarget "IntervalTests" */ = {
			isa = XCConfigurationList;
			buildConfigurations = (
				85625E4C7EE3BBF04D9E3560 /* Release */,
				D2321A038C4A6E4A293FD1D3 /* Debug */,
			);
			defaultConfigurationIsVisible = 0;
			defaultConfigurationName = Release;
		};
/* End XCConfigurationList section */
	};
	rootObject = 600AE11FCC5FC9F3C12BEE29 /* Project object */;
}
